// !$*UTF8*$!
{
	archiveVersion = 1;
	classes = {
	};
	objectVersion = 46;
	objects = {

/* Begin PBXBuildFile section */
		B00BA0F816607D100081A820 /* SignUpLogInViewController.m in Sources */ = {isa = PBXBuildFile; fileRef = B00BA0F616607D0E0081A820 /* SignUpLogInViewController.m */; };
		B00BA0FD16609B5B0081A820 /* SignUpViewController.m in Sources */ = {isa = PBXBuildFile; fileRef = B00BA0FC16609B5A0081A820 /* SignUpViewController.m */; };
		B00BA1011660C2920081A820 /* LoggedInAccountViewController.m in Sources */ = {isa = PBXBuildFile; fileRef = B00BA0FF1660C28E0081A820 /* LoggedInAccountViewController.m */; };
		B00BA1021660C2920081A820 /* LoggedInAccountViewController.xib in Resources */ = {isa = PBXBuildFile; fileRef = B00BA1001660C2900081A820 /* LoggedInAccountViewController.xib */; };
		B00BA1071661C3880081A820 /* contact@2x.png in Resources */ = {isa = PBXBuildFile; fileRef = B00BA1031661C3880081A820 /* contact@2x.png */; };
		B00BA1081661C3880081A820 /* contact.png in Resources */ = {isa = PBXBuildFile; fileRef = B00BA1041661C3880081A820 /* contact.png */; };
		B00BA1091661C3880081A820 /* rate.png in Resources */ = {isa = PBXBuildFile; fileRef = B00BA1051661C3880081A820 /* rate.png */; };
		B00BA10A1661C3880081A820 /* rate@2x.png in Resources */ = {isa = PBXBuildFile; fileRef = B00BA1061661C3880081A820 /* rate@2x.png */; };
		B00BA10C1661F53A0081A820 /* MessageUI.framework in Frameworks */ = {isa = PBXBuildFile; fileRef = B00BA10B1661F5390081A820 /* MessageUI.framework */; };
		B00BA113166212530081A820 /* facebook@2x.png in Resources */ = {isa = PBXBuildFile; fileRef = B00BA10D166212510081A820 /* facebook@2x.png */; };
		B00BA114166212530081A820 /* facebook.png in Resources */ = {isa = PBXBuildFile; fileRef = B00BA10E166212510081A820 /* facebook.png */; };
		B00BA115166212530081A820 /* twitter@2x.png in Resources */ = {isa = PBXBuildFile; fileRef = B00BA10F166212510081A820 /* twitter@2x.png */; };
		B00BA116166212530081A820 /* twitter.png in Resources */ = {isa = PBXBuildFile; fileRef = B00BA110166212520081A820 /* twitter.png */; };
		B00BA117166212530081A820 /* signinup@2x.png in Resources */ = {isa = PBXBuildFile; fileRef = B00BA111166212520081A820 /* signinup@2x.png */; };
		B00BA118166212530081A820 /* signinup.png in Resources */ = {isa = PBXBuildFile; fileRef = B00BA112166212530081A820 /* signinup.png */; };
		B00BA11D166215BB0081A820 /* 2box@2x.png in Resources */ = {isa = PBXBuildFile; fileRef = B00BA119166215BA0081A820 /* 2box@2x.png */; };
		B00BA11E166215BB0081A820 /* 2box.png in Resources */ = {isa = PBXBuildFile; fileRef = B00BA11A166215BA0081A820 /* 2box.png */; };
		B00BA11F166215BB0081A820 /* 4box@2x.png in Resources */ = {isa = PBXBuildFile; fileRef = B00BA11B166215BA0081A820 /* 4box@2x.png */; };
		B00BA120166215BB0081A820 /* 4box.png in Resources */ = {isa = PBXBuildFile; fileRef = B00BA11C166215BB0081A820 /* 4box.png */; };
		B00BA12316630E6E0081A820 /* alum.png in Resources */ = {isa = PBXBuildFile; fileRef = B00BA12116630E6D0081A820 /* alum.png */; };
		B00BA12416630E6E0081A820 /* alum@2x.png in Resources */ = {isa = PBXBuildFile; fileRef = B00BA12216630E6D0081A820 /* alum@2x.png */; };
		B00BA127166334D80081A820 /* forgot@2x.png in Resources */ = {isa = PBXBuildFile; fileRef = B00BA125166334D70081A820 /* forgot@2x.png */; };
		B00BA128166334D80081A820 /* forgot.png in Resources */ = {isa = PBXBuildFile; fileRef = B00BA126166334D70081A820 /* forgot.png */; };
		B00BA133166AD9350081A820 /* rowbottom.png in Resources */ = {isa = PBXBuildFile; fileRef = B00BA129166AD91E0081A820 /* rowbottom.png */; };
		B00BA134166AD9350081A820 /* rowbottom@2x.png in Resources */ = {isa = PBXBuildFile; fileRef = B00BA12A166AD91F0081A820 /* rowbottom@2x.png */; };
		B00BA135166AD9350081A820 /* rowmiddle.png in Resources */ = {isa = PBXBuildFile; fileRef = B00BA12B166AD9220081A820 /* rowmiddle.png */; };
		B00BA136166AD9350081A820 /* rowmiddle@2x.png in Resources */ = {isa = PBXBuildFile; fileRef = B00BA12C166AD9240081A820 /* rowmiddle@2x.png */; };
		B00BA137166AD9350081A820 /* rowtop.png in Resources */ = {isa = PBXBuildFile; fileRef = B00BA12D166AD9280081A820 /* rowtop.png */; };
		B00BA138166AD9350081A820 /* rowtop@2x.png in Resources */ = {isa = PBXBuildFile; fileRef = B00BA12E166AD9290081A820 /* rowtop@2x.png */; };
		B00BA139166AD9350081A820 /* tablebottom.png in Resources */ = {isa = PBXBuildFile; fileRef = B00BA12F166AD92D0081A820 /* tablebottom.png */; };
		B00BA13A166AD9350081A820 /* tablebottom@2x.png in Resources */ = {isa = PBXBuildFile; fileRef = B00BA130166AD92E0081A820 /* tablebottom@2x.png */; };
		B00BA13B166AD9350081A820 /* tabletop.png in Resources */ = {isa = PBXBuildFile; fileRef = B00BA131166AD9310081A820 /* tabletop.png */; };
		B00BA13C166AD9350081A820 /* tabletop@2x.png in Resources */ = {isa = PBXBuildFile; fileRef = B00BA132166AD9340081A820 /* tabletop@2x.png */; };
		B00BA140166ADB5E0081A820 /* DetailHeaderCell.xib in Resources */ = {isa = PBXBuildFile; fileRef = B00BA13F166ADB5D0081A820 /* DetailHeaderCell.xib */; };
		B00BA14D166AE4BD0081A820 /* DetailHeaderCell.m in Sources */ = {isa = PBXBuildFile; fileRef = B00BA14C166AE4BD0081A820 /* DetailHeaderCell.m */; };
		B00BA14F166AE8540081A820 /* DetailInfoCell.xib in Resources */ = {isa = PBXBuildFile; fileRef = B00BA14E166AE8540081A820 /* DetailInfoCell.xib */; };
		B00BA152166AE9C40081A820 /* DetailInfoCell.m in Sources */ = {isa = PBXBuildFile; fileRef = B00BA151166AE9C40081A820 /* DetailInfoCell.m */; };
		B0150717165030EE007FABC2 /* PointRewardsTableViewCell.m in Sources */ = {isa = PBXBuildFile; fileRef = B0150716165030EE007FABC2 /* PointRewardsTableViewCell.m */; };
		B015071A165048D8007FABC2 /* PointRewardsTableViewCell.xib in Resources */ = {isa = PBXBuildFile; fileRef = B0150719165048D8007FABC2 /* PointRewardsTableViewCell.xib */; };
		B0150721165065F9007FABC2 /* button@2x.png in Resources */ = {isa = PBXBuildFile; fileRef = B015071D165065F9007FABC2 /* button@2x.png */; };
		B0150722165065F9007FABC2 /* button.png in Resources */ = {isa = PBXBuildFile; fileRef = B015071E165065F9007FABC2 /* button.png */; };
		B01507261650B290007FABC2 /* libFlurry.a in Frameworks */ = {isa = PBXBuildFile; fileRef = B01507251650B290007FABC2 /* libFlurry.a */; };
		B01507291658A422007FABC2 /* stargray@2x.png in Resources */ = {isa = PBXBuildFile; fileRef = B01507271658A421007FABC2 /* stargray@2x.png */; };
		B015072A1658A422007FABC2 /* stargray.png in Resources */ = {isa = PBXBuildFile; fileRef = B01507281658A422007FABC2 /* stargray.png */; };
		B015072D1658A96D007FABC2 /* bar@2x.png in Resources */ = {isa = PBXBuildFile; fileRef = B015072B1658A96A007FABC2 /* bar@2x.png */; };
		B015072E1658A96D007FABC2 /* bar.png in Resources */ = {isa = PBXBuildFile; fileRef = B015072C1658A96B007FABC2 /* bar.png */; };
		B04699F7166C45DB001A96B9 /* imageBoundsWhite@2x.png in Resources */ = {isa = PBXBuildFile; fileRef = B04699F5166C45DB001A96B9 /* imageBoundsWhite@2x.png */; };
		B04699F8166C45DB001A96B9 /* imageBoundsWhite.png in Resources */ = {isa = PBXBuildFile; fileRef = B04699F6166C45DB001A96B9 /* imageBoundsWhite.png */; };
		B04699FC166C4A02001A96B9 /* imageBoundsGray@2x.png in Resources */ = {isa = PBXBuildFile; fileRef = B04699FA166C4A01001A96B9 /* imageBoundsGray@2x.png */; };
		B04699FD166C4A02001A96B9 /* imageBoundsGray.png in Resources */ = {isa = PBXBuildFile; fileRef = B04699FB166C4A01001A96B9 /* imageBoundsGray.png */; };
		B0469A06166C5DC3001A96B9 /* email.png in Resources */ = {isa = PBXBuildFile; fileRef = B04699FE166C5DC1001A96B9 /* email.png */; };
		B0469A07166C5DC3001A96B9 /* email@2x.png in Resources */ = {isa = PBXBuildFile; fileRef = B04699FF166C5DC2001A96B9 /* email@2x.png */; };
		B0469A08166C5DC3001A96B9 /* map.png in Resources */ = {isa = PBXBuildFile; fileRef = B0469A00166C5DC2001A96B9 /* map.png */; };
		B0469A09166C5DC3001A96B9 /* map@2x.png in Resources */ = {isa = PBXBuildFile; fileRef = B0469A01166C5DC2001A96B9 /* map@2x.png */; };
		B0469A0A166C5DC3001A96B9 /* phone.png in Resources */ = {isa = PBXBuildFile; fileRef = B0469A02166C5DC2001A96B9 /* phone.png */; };
		B0469A0B166C5DC3001A96B9 /* phone@2x.png in Resources */ = {isa = PBXBuildFile; fileRef = B0469A03166C5DC3001A96B9 /* phone@2x.png */; };
		B0469A0C166C5DC3001A96B9 /* web.png in Resources */ = {isa = PBXBuildFile; fileRef = B0469A04166C5DC3001A96B9 /* web.png */; };
		B0469A0D166C5DC3001A96B9 /* web@2x.png in Resources */ = {isa = PBXBuildFile; fileRef = B0469A05166C5DC3001A96B9 /* web@2x.png */; };
		B0469A11166CB052001A96B9 /* GameUtils.m in Sources */ = {isa = PBXBuildFile; fileRef = B0469A10166CB052001A96B9 /* GameUtils.m */; };
		B06114F61659BA5000DB1246 /* PointsTableViewCell.xib in Resources */ = {isa = PBXBuildFile; fileRef = B06114F51659BA5000DB1246 /* PointsTableViewCell.xib */; };
		B06114F91659BAB300DB1246 /* PointRewardsViewController.xib in Resources */ = {isa = PBXBuildFile; fileRef = B06114F81659BAB300DB1246 /* PointRewardsViewController.xib */; };
		B06114FF1659BB8C00DB1246 /* PointsTableViewCell.m in Sources */ = {isa = PBXBuildFile; fileRef = B06114FE1659BB8C00DB1246 /* PointsTableViewCell.m */; };
		B061150A1659DED400DB1246 /* barbig@2x.png in Resources */ = {isa = PBXBuildFile; fileRef = B06115081659DED300DB1246 /* barbig@2x.png */; };
		B061150B1659DED400DB1246 /* barbig.png in Resources */ = {isa = PBXBuildFile; fileRef = B06115091659DED300DB1246 /* barbig.png */; };
		B061150E1659E78800DB1246 /* barbigclick@2x.png in Resources */ = {isa = PBXBuildFile; fileRef = B061150C1659E78700DB1246 /* barbigclick@2x.png */; };
		B061150F1659E78800DB1246 /* barbigclick.png in Resources */ = {isa = PBXBuildFile; fileRef = B061150D1659E78800DB1246 /* barbigclick.png */; };
		B062E004166F27EA00F70D15 /* like@2x.png in Resources */ = {isa = PBXBuildFile; fileRef = B062E002166F27CA00F70D15 /* like@2x.png */; };
		B062E005166F27EA00F70D15 /* like.png in Resources */ = {isa = PBXBuildFile; fileRef = B062E003166F27D900F70D15 /* like.png */; };
		B062E008166F734600F70D15 /* helpPage@2x.png in Resources */ = {isa = PBXBuildFile; fileRef = B062E006166F731F00F70D15 /* helpPage@2x.png */; };
		B062E009166F734600F70D15 /* helpPage.png in Resources */ = {isa = PBXBuildFile; fileRef = B062E007166F732F00F70D15 /* helpPage.png */; };
		B06364C516224115008557F7 /* RewardsTableViewCell.xib in Resources */ = {isa = PBXBuildFile; fileRef = B06364C416224115008557F7 /* RewardsTableViewCell.xib */; };
		B06364C81622421F008557F7 /* RewardsTableViewCell.m in Sources */ = {isa = PBXBuildFile; fileRef = B06364C71622421F008557F7 /* RewardsTableViewCell.m */; };
		B0C144CE1658D3DA00A62BAE /* barclicked@2x.png in Resources */ = {isa = PBXBuildFile; fileRef = B0C144CC1658D3DA00A62BAE /* barclicked@2x.png */; };
		B0C144CF1658D3DA00A62BAE /* barclicked.png in Resources */ = {isa = PBXBuildFile; fileRef = B0C144CD1658D3DA00A62BAE /* barclicked.png */; };
		B0C144D61658E42300A62BAE /* RewardCatTabBarController.m in Sources */ = {isa = PBXBuildFile; fileRef = B0C144D51658E42200A62BAE /* RewardCatTabBarController.m */; };
		B0C144D91658E5B100A62BAE /* RewardCatViewController.m in Sources */ = {isa = PBXBuildFile; fileRef = B0C144D81658E5B000A62BAE /* RewardCatViewController.m */; };
		B0C144DE1658EE8200A62BAE /* helpoff.png in Resources */ = {isa = PBXBuildFile; fileRef = B0C144DA1658EE8100A62BAE /* helpoff.png */; };
		B0C144DF1658EE8200A62BAE /* helpon@2x.png in Resources */ = {isa = PBXBuildFile; fileRef = B0C144DB1658EE8100A62BAE /* helpon@2x.png */; };
		B0C144E01658EE8200A62BAE /* helpon.png in Resources */ = {isa = PBXBuildFile; fileRef = B0C144DC1658EE8100A62BAE /* helpon.png */; };
		B0C144E11658EE8200A62BAE /* helpoff@2x.png in Resources */ = {isa = PBXBuildFile; fileRef = B0C144DD1658EE8200A62BAE /* helpoff@2x.png */; };
		B0C144E61658FA7B00A62BAE /* couponoff.png in Resources */ = {isa = PBXBuildFile; fileRef = B0C144E21658FA7900A62BAE /* couponoff.png */; };
		B0C144E71658FA7B00A62BAE /* couponoff@2x.png in Resources */ = {isa = PBXBuildFile; fileRef = B0C144E31658FA7900A62BAE /* couponoff@2x.png */; };
		B0C144E81658FA7B00A62BAE /* couponon.png in Resources */ = {isa = PBXBuildFile; fileRef = B0C144E41658FA7A00A62BAE /* couponon.png */; };
		B0C144E91658FA7B00A62BAE /* couponon@2x.png in Resources */ = {isa = PBXBuildFile; fileRef = B0C144E51658FA7A00A62BAE /* couponon@2x.png */; };
		B0C144F21658FA8E00A62BAE /* personoff.png in Resources */ = {isa = PBXBuildFile; fileRef = B0C144EA1658FA8A00A62BAE /* personoff.png */; };
		B0C144F31658FA8E00A62BAE /* personoff@2x.png in Resources */ = {isa = PBXBuildFile; fileRef = B0C144EB1658FA8B00A62BAE /* personoff@2x.png */; };
		B0C144F41658FA8E00A62BAE /* personon.png in Resources */ = {isa = PBXBuildFile; fileRef = B0C144EC1658FA8B00A62BAE /* personon.png */; };
		B0C144F51658FA8E00A62BAE /* personon@2x.png in Resources */ = {isa = PBXBuildFile; fileRef = B0C144ED1658FA8B00A62BAE /* personon@2x.png */; };
		B0C144F61658FA8E00A62BAE /* qroff.png in Resources */ = {isa = PBXBuildFile; fileRef = B0C144EE1658FA8C00A62BAE /* qroff.png */; };
		B0C144F71658FA8E00A62BAE /* qroff@2x.png in Resources */ = {isa = PBXBuildFile; fileRef = B0C144EF1658FA8D00A62BAE /* qroff@2x.png */; };
		B0C144F81658FA8E00A62BAE /* qron.png in Resources */ = {isa = PBXBuildFile; fileRef = B0C144F01658FA8D00A62BAE /* qron.png */; };
		B0C144F91658FA8E00A62BAE /* qron@2x.png in Resources */ = {isa = PBXBuildFile; fileRef = B0C144F11658FA8E00A62BAE /* qron@2x.png */; };
		B0C144FE1658FAA700A62BAE /* staroff.png in Resources */ = {isa = PBXBuildFile; fileRef = B0C144FA1658FAA500A62BAE /* staroff.png */; };
		B0C144FF1658FAA700A62BAE /* staroff@2x.png in Resources */ = {isa = PBXBuildFile; fileRef = B0C144FB1658FAA500A62BAE /* staroff@2x.png */; };
		B0C145001658FAA700A62BAE /* staron.png in Resources */ = {isa = PBXBuildFile; fileRef = B0C144FC1658FAA600A62BAE /* staron.png */; };
		B0C145011658FAA700A62BAE /* staron@2x.png in Resources */ = {isa = PBXBuildFile; fileRef = B0C144FD1658FAA600A62BAE /* staron@2x.png */; };
		B0C145041658FDC800A62BAE /* redeem@2x.png in Resources */ = {isa = PBXBuildFile; fileRef = B0C145021658FDC800A62BAE /* redeem@2x.png */; };
		B0C145051658FDC800A62BAE /* redeem.png in Resources */ = {isa = PBXBuildFile; fileRef = B0C145031658FDC800A62BAE /* redeem.png */; };
		B0C145081659A05600A62BAE /* redeemgray@2x.png in Resources */ = {isa = PBXBuildFile; fileRef = B0C145061659A05600A62BAE /* redeemgray@2x.png */; };
		B0C145091659A05600A62BAE /* redeemgray.png in Resources */ = {isa = PBXBuildFile; fileRef = B0C145071659A05600A62BAE /* redeemgray.png */; };
		B0C1450F1659A39200A62BAE /* LoadMoreTableViewCell.m in Sources */ = {isa = PBXBuildFile; fileRef = B0C1450E1659A39200A62BAE /* LoadMoreTableViewCell.m */; };
		B0C145111659A3B300A62BAE /* LoadMoreTableViewCell.xib in Resources */ = {isa = PBXBuildFile; fileRef = B0C145101659A3B300A62BAE /* LoadMoreTableViewCell.xib */; };
		B0C145141659A76200A62BAE /* loading@2x.png in Resources */ = {isa = PBXBuildFile; fileRef = B0C145121659A76200A62BAE /* loading@2x.png */; };
		B0C145151659A76200A62BAE /* loading.png in Resources */ = {isa = PBXBuildFile; fileRef = B0C145131659A76200A62BAE /* loading.png */; };
		B0C500BC166B4E27004E26D5 /* DetailDescriptionCell.m in Sources */ = {isa = PBXBuildFile; fileRef = B0C500BB166B4E27004E26D5 /* DetailDescriptionCell.m */; };
		B0C500BE166B4E43004E26D5 /* DetailDescriptionCell.xib in Resources */ = {isa = PBXBuildFile; fileRef = B0C500BD166B4E43004E26D5 /* DetailDescriptionCell.xib */; };
		B0C500C0166B623C004E26D5 /* MapKit.framework in Frameworks */ = {isa = PBXBuildFile; fileRef = B0C500BF166B623B004E26D5 /* MapKit.framework */; settings = {ATTRIBUTES = (Weak, ); }; };
		B0C500C2166B626F004E26D5 /* CoreLocation.framework in Frameworks */ = {isa = PBXBuildFile; fileRef = B0C500C1166B626D004E26D5 /* CoreLocation.framework */; settings = {ATTRIBUTES = (Weak, ); }; };
		B0C8CF07164FA39500D0753C /* Reachability.m in Sources */ = {isa = PBXBuildFile; fileRef = B0C8CF06164FA39500D0753C /* Reachability.m */; };
		B0DC90721619048B00F20C78 /* UIKit.framework in Frameworks */ = {isa = PBXBuildFile; fileRef = B0DC90711619048B00F20C78 /* UIKit.framework */; };
		B0DC90741619048B00F20C78 /* Foundation.framework in Frameworks */ = {isa = PBXBuildFile; fileRef = B0DC90731619048B00F20C78 /* Foundation.framework */; };
		B0DC90761619048B00F20C78 /* CoreGraphics.framework in Frameworks */ = {isa = PBXBuildFile; fileRef = B0DC90751619048B00F20C78 /* CoreGraphics.framework */; };
		B0DC90A8161904F600F20C78 /* AppDelegate.m in Sources */ = {isa = PBXBuildFile; fileRef = B0DC9091161904F600F20C78 /* AppDelegate.m */; };
		B0DC90A9161904F600F20C78 /* Default-568h@2x.png in Resources */ = {isa = PBXBuildFile; fileRef = B0DC9092161904F600F20C78 /* Default-568h@2x.png */; };
		B0DC90AA161904F600F20C78 /* Default.png in Resources */ = {isa = PBXBuildFile; fileRef = B0DC9093161904F600F20C78 /* Default.png */; };
		B0DC90AB161904F600F20C78 /* Default@2x.png in Resources */ = {isa = PBXBuildFile; fileRef = B0DC9094161904F600F20C78 /* Default@2x.png */; };
		B0DC90AC161904F600F20C78 /* InfoPlist.strings in Resources */ = {isa = PBXBuildFile; fileRef = B0DC9095161904F600F20C78 /* InfoPlist.strings */; };
		B0DC90AD161904F600F20C78 /* RewardsViewController.xib in Resources */ = {isa = PBXBuildFile; fileRef = B0DC9097161904F600F20C78 /* RewardsViewController.xib */; };
		B0DC90AE161904F600F20C78 /* ScanViewController.xib in Resources */ = {isa = PBXBuildFile; fileRef = B0DC9099161904F600F20C78 /* ScanViewController.xib */; };
		B0DC90B1161904F600F20C78 /* main.m in Sources */ = {isa = PBXBuildFile; fileRef = B0DC909D161904F600F20C78 /* main.m */; };
		B0DC90B3161904F600F20C78 /* RewardsTableViewController.m in Sources */ = {isa = PBXBuildFile; fileRef = B0DC90A1161904F600F20C78 /* RewardsTableViewController.m */; };
		B0DC90B4161904F600F20C78 /* RewardsViewController.m in Sources */ = {isa = PBXBuildFile; fileRef = B0DC90A3161904F600F20C78 /* RewardsViewController.m */; };
		B0DC90B5161904F600F20C78 /* ScanViewController.m in Sources */ = {isa = PBXBuildFile; fileRef = B0DC90A5161904F600F20C78 /* ScanViewController.m */; };
		B0DC90CC161916A500F20C78 /* AdSupport.framework in Frameworks */ = {isa = PBXBuildFile; fileRef = B0DC90CB161916A500F20C78 /* AdSupport.framework */; settings = {ATTRIBUTES = (Weak, ); }; };
		B0DC90CE1619173000F20C78 /* Social.framework in Frameworks */ = {isa = PBXBuildFile; fileRef = B0DC90CD1619173000F20C78 /* Social.framework */; settings = {ATTRIBUTES = (Weak, ); }; };
		B0DC90D0161917FA00F20C78 /* Accounts.framework in Frameworks */ = {isa = PBXBuildFile; fileRef = B0DC90CF161917FA00F20C78 /* Accounts.framework */; settings = {ATTRIBUTES = (Weak, ); }; };
		B0DC90D21619182600F20C78 /* libsqlite3.dylib in Frameworks */ = {isa = PBXBuildFile; fileRef = B0DC90D11619182600F20C78 /* libsqlite3.dylib */; };
		B0DC90D41619183D00F20C78 /* StoreKit.framework in Frameworks */ = {isa = PBXBuildFile; fileRef = B0DC90D31619183D00F20C78 /* StoreKit.framework */; };
		B0DC90D61619185C00F20C78 /* QuartzCore.framework in Frameworks */ = {isa = PBXBuildFile; fileRef = B0DC90D51619185C00F20C78 /* QuartzCore.framework */; };
		B0DC90D81619186A00F20C78 /* libz.1.1.3.dylib in Frameworks */ = {isa = PBXBuildFile; fileRef = B0DC90D71619186A00F20C78 /* libz.1.1.3.dylib */; };
		B0DC90DA1619187F00F20C78 /* Security.framework in Frameworks */ = {isa = PBXBuildFile; fileRef = B0DC90D91619187F00F20C78 /* Security.framework */; };
		B0DC90DC1619188A00F20C78 /* AudioToolbox.framework in Frameworks */ = {isa = PBXBuildFile; fileRef = B0DC90DB1619188A00F20C78 /* AudioToolbox.framework */; };
		B0DC90DE1619189300F20C78 /* MobileCoreServices.framework in Frameworks */ = {isa = PBXBuildFile; fileRef = B0DC90DD1619189300F20C78 /* MobileCoreServices.framework */; };
		B0DC90E01619189A00F20C78 /* SystemConfiguration.framework in Frameworks */ = {isa = PBXBuildFile; fileRef = B0DC90DF1619189A00F20C78 /* SystemConfiguration.framework */; };
		B0DC90E2161918AE00F20C78 /* CFNetwork.framework in Frameworks */ = {isa = PBXBuildFile; fileRef = B0DC90E1161918AE00F20C78 /* CFNetwork.framework */; };
		B0DC90E41619191C00F20C78 /* Parse.framework in Frameworks */ = {isa = PBXBuildFile; fileRef = B0DC90E31619191C00F20C78 /* Parse.framework */; };
		B0DC90EA1619199500F20C78 /* AVFoundation.framework in Frameworks */ = {isa = PBXBuildFile; fileRef = B0DC90E91619199500F20C78 /* AVFoundation.framework */; };
		B0DC90EC161919A100F20C78 /* CoreMedia.framework in Frameworks */ = {isa = PBXBuildFile; fileRef = B0DC90EB161919A100F20C78 /* CoreMedia.framework */; };
		B0DC90EE161919AA00F20C78 /* CoreVideo.framework in Frameworks */ = {isa = PBXBuildFile; fileRef = B0DC90ED161919AA00F20C78 /* CoreVideo.framework */; };
		B0DC90F0161919C300F20C78 /* libiconv.dylib in Frameworks */ = {isa = PBXBuildFile; fileRef = B0DC90EF161919C300F20C78 /* libiconv.dylib */; };
		B0DC910F16191A2000F20C78 /* libzbar.a in Frameworks */ = {isa = PBXBuildFile; fileRef = B0DC910916191A2000F20C78 /* libzbar.a */; };
		B0DC911016191A2000F20C78 /* zbar-back.png in Resources */ = {isa = PBXBuildFile; fileRef = B0DC910B16191A2000F20C78 /* zbar-back.png */; };
		B0DC911116191A2000F20C78 /* zbar-help.html in Resources */ = {isa = PBXBuildFile; fileRef = B0DC910C16191A2000F20C78 /* zbar-help.html */; };
		B0DC911216191A2000F20C78 /* zbar-helpicons.png in Resources */ = {isa = PBXBuildFile; fileRef = B0DC910D16191A2000F20C78 /* zbar-helpicons.png */; };
		B0DC911316191A2000F20C78 /* zbar-samples.png in Resources */ = {isa = PBXBuildFile; fileRef = B0DC910E16191A2000F20C78 /* zbar-samples.png */; };
		B0E234DA162AABB300DB0DDC /* Icon.png in Resources */ = {isa = PBXBuildFile; fileRef = B0E234D9162AABB300DB0DDC /* Icon.png */; };
		B0E234E2163E2BBA00DB0DDC /* DetailViewController.m in Sources */ = {isa = PBXBuildFile; fileRef = B0E234E0163E2BB900DB0DDC /* DetailViewController.m */; };
		B0E234E3163E2BBA00DB0DDC /* DetailViewController.xib in Resources */ = {isa = PBXBuildFile; fileRef = B0E234E1163E2BBA00DB0DDC /* DetailViewController.xib */; };
		B0EF5668164F113A00ABF6F2 /* PointRewardsViewController.m in Sources */ = {isa = PBXBuildFile; fileRef = B0EF5666164F113A00ABF6F2 /* PointRewardsViewController.m */; };
		B0EF566C164F195F00ABF6F2 /* PointRewardsTableViewController.m in Sources */ = {isa = PBXBuildFile; fileRef = B0EF566B164F195E00ABF6F2 /* PointRewardsTableViewController.m */; };
		B0EF567A164F294800ABF6F2 /* AccountViewController.m in Sources */ = {isa = PBXBuildFile; fileRef = B0EF5678164F294700ABF6F2 /* AccountViewController.m */; };
		B0EF567B164F294800ABF6F2 /* AccountViewController.xib in Resources */ = {isa = PBXBuildFile; fileRef = B0EF5679164F294800ABF6F2 /* AccountViewController.xib */; };
		B0EF567F164F2CE700ABF6F2 /* HelpViewController.m in Sources */ = {isa = PBXBuildFile; fileRef = B0EF567D164F2CE600ABF6F2 /* HelpViewController.m */; };
		B0EF5680164F2CE700ABF6F2 /* HelpViewController.xib in Resources */ = {isa = PBXBuildFile; fileRef = B0EF567E164F2CE700ABF6F2 /* HelpViewController.xib */; };
		B0EF5695164F325F00ABF6F2 /* star@2x.png in Resources */ = {isa = PBXBuildFile; fileRef = B0EF568F164F325F00ABF6F2 /* star@2x.png */; };
		B0EF5696164F325F00ABF6F2 /* star.png in Resources */ = {isa = PBXBuildFile; fileRef = B0EF5690164F325F00ABF6F2 /* star.png */; };
		B0EF5698164F3B4200ABF6F2 /* Icon@2x.png in Resources */ = {isa = PBXBuildFile; fileRef = B0EF5697164F3B4200ABF6F2 /* Icon@2x.png */; };
		B0EF569A164F4EEC00ABF6F2 /* scanbox.png in Resources */ = {isa = PBXBuildFile; fileRef = B0EF5699164F4EEC00ABF6F2 /* scanbox.png */; };
		B0EF569C164F52A000ABF6F2 /* scanbox@2x.png in Resources */ = {isa = PBXBuildFile; fileRef = B0EF569B164F529F00ABF6F2 /* scanbox@2x.png */; };
/* End PBXBuildFile section */

/* Begin PBXFileReference section */
		B00BA0F516607D0D0081A820 /* SignUpLogInViewController.h */ = {isa = PBXFileReference; fileEncoding = 4; lastKnownFileType = sourcecode.c.h; path = SignUpLogInViewController.h; sourceTree = "<group>"; };
		B00BA0F616607D0E0081A820 /* SignUpLogInViewController.m */ = {isa = PBXFileReference; fileEncoding = 4; lastKnownFileType = sourcecode.c.objc; path = SignUpLogInViewController.m; sourceTree = "<group>"; };
		B00BA0FB16609B580081A820 /* SignUpViewController.h */ = {isa = PBXFileReference; fileEncoding = 4; lastKnownFileType = sourcecode.c.h; path = SignUpViewController.h; sourceTree = "<group>"; };
		B00BA0FC16609B5A0081A820 /* SignUpViewController.m */ = {isa = PBXFileReference; fileEncoding = 4; lastKnownFileType = sourcecode.c.objc; path = SignUpViewController.m; sourceTree = "<group>"; };
		B00BA0FE1660C28C0081A820 /* LoggedInAccountViewController.h */ = {isa = PBXFileReference; fileEncoding = 4; lastKnownFileType = sourcecode.c.h; path = LoggedInAccountViewController.h; sourceTree = "<group>"; };
		B00BA0FF1660C28E0081A820 /* LoggedInAccountViewController.m */ = {isa = PBXFileReference; fileEncoding = 4; lastKnownFileType = sourcecode.c.objc; path = LoggedInAccountViewController.m; sourceTree = "<group>"; };
		B00BA1001660C2900081A820 /* LoggedInAccountViewController.xib */ = {isa = PBXFileReference; fileEncoding = 4; lastKnownFileType = file.xib; path = LoggedInAccountViewController.xib; sourceTree = "<group>"; };
		B00BA1031661C3880081A820 /* contact@2x.png */ = {isa = PBXFileReference; lastKnownFileType = image.png; path = "contact@2x.png"; sourceTree = "<group>"; };
		B00BA1041661C3880081A820 /* contact.png */ = {isa = PBXFileReference; lastKnownFileType = image.png; path = contact.png; sourceTree = "<group>"; };
		B00BA1051661C3880081A820 /* rate.png */ = {isa = PBXFileReference; lastKnownFileType = image.png; path = rate.png; sourceTree = "<group>"; };
		B00BA1061661C3880081A820 /* rate@2x.png */ = {isa = PBXFileReference; lastKnownFileType = image.png; path = "rate@2x.png"; sourceTree = "<group>"; };
		B00BA10B1661F5390081A820 /* MessageUI.framework */ = {isa = PBXFileReference; lastKnownFileType = wrapper.framework; name = MessageUI.framework; path = System/Library/Frameworks/MessageUI.framework; sourceTree = SDKROOT; };
		B00BA10D166212510081A820 /* facebook@2x.png */ = {isa = PBXFileReference; lastKnownFileType = image.png; path = "facebook@2x.png"; sourceTree = "<group>"; };
		B00BA10E166212510081A820 /* facebook.png */ = {isa = PBXFileReference; lastKnownFileType = image.png; path = facebook.png; sourceTree = "<group>"; };
		B00BA10F166212510081A820 /* twitter@2x.png */ = {isa = PBXFileReference; lastKnownFileType = image.png; path = "twitter@2x.png"; sourceTree = "<group>"; };
		B00BA110166212520081A820 /* twitter.png */ = {isa = PBXFileReference; lastKnownFileType = image.png; path = twitter.png; sourceTree = "<group>"; };
		B00BA111166212520081A820 /* signinup@2x.png */ = {isa = PBXFileReference; lastKnownFileType = image.png; path = "signinup@2x.png"; sourceTree = "<group>"; };
		B00BA112166212530081A820 /* signinup.png */ = {isa = PBXFileReference; lastKnownFileType = image.png; path = signinup.png; sourceTree = "<group>"; };
		B00BA119166215BA0081A820 /* 2box@2x.png */ = {isa = PBXFileReference; lastKnownFileType = image.png; path = "2box@2x.png"; sourceTree = "<group>"; };
		B00BA11A166215BA0081A820 /* 2box.png */ = {isa = PBXFileReference; lastKnownFileType = image.png; path = 2box.png; sourceTree = "<group>"; };
		B00BA11B166215BA0081A820 /* 4box@2x.png */ = {isa = PBXFileReference; lastKnownFileType = image.png; path = "4box@2x.png"; sourceTree = "<group>"; };
		B00BA11C166215BB0081A820 /* 4box.png */ = {isa = PBXFileReference; lastKnownFileType = image.png; path = 4box.png; sourceTree = "<group>"; };
		B00BA12116630E6D0081A820 /* alum.png */ = {isa = PBXFileReference; lastKnownFileType = image.png; path = alum.png; sourceTree = "<group>"; };
		B00BA12216630E6D0081A820 /* alum@2x.png */ = {isa = PBXFileReference; lastKnownFileType = image.png; path = "alum@2x.png"; sourceTree = "<group>"; };
		B00BA125166334D70081A820 /* forgot@2x.png */ = {isa = PBXFileReference; lastKnownFileType = image.png; path = "forgot@2x.png"; sourceTree = "<group>"; };
		B00BA126166334D70081A820 /* forgot.png */ = {isa = PBXFileReference; lastKnownFileType = image.png; path = forgot.png; sourceTree = "<group>"; };
		B00BA129166AD91E0081A820 /* rowbottom.png */ = {isa = PBXFileReference; lastKnownFileType = image.png; path = rowbottom.png; sourceTree = "<group>"; };
		B00BA12A166AD91F0081A820 /* rowbottom@2x.png */ = {isa = PBXFileReference; lastKnownFileType = image.png; path = "rowbottom@2x.png"; sourceTree = "<group>"; };
		B00BA12B166AD9220081A820 /* rowmiddle.png */ = {isa = PBXFileReference; lastKnownFileType = image.png; path = rowmiddle.png; sourceTree = "<group>"; };
		B00BA12C166AD9240081A820 /* rowmiddle@2x.png */ = {isa = PBXFileReference; lastKnownFileType = image.png; path = "rowmiddle@2x.png"; sourceTree = "<group>"; };
		B00BA12D166AD9280081A820 /* rowtop.png */ = {isa = PBXFileReference; lastKnownFileType = image.png; path = rowtop.png; sourceTree = "<group>"; };
		B00BA12E166AD9290081A820 /* rowtop@2x.png */ = {isa = PBXFileReference; lastKnownFileType = image.png; path = "rowtop@2x.png"; sourceTree = "<group>"; };
		B00BA12F166AD92D0081A820 /* tablebottom.png */ = {isa = PBXFileReference; lastKnownFileType = image.png; path = tablebottom.png; sourceTree = "<group>"; };
		B00BA130166AD92E0081A820 /* tablebottom@2x.png */ = {isa = PBXFileReference; lastKnownFileType = image.png; path = "tablebottom@2x.png"; sourceTree = "<group>"; };
		B00BA131166AD9310081A820 /* tabletop.png */ = {isa = PBXFileReference; lastKnownFileType = image.png; path = tabletop.png; sourceTree = "<group>"; };
		B00BA132166AD9340081A820 /* tabletop@2x.png */ = {isa = PBXFileReference; lastKnownFileType = image.png; path = "tabletop@2x.png"; sourceTree = "<group>"; };
		B00BA13F166ADB5D0081A820 /* DetailHeaderCell.xib */ = {isa = PBXFileReference; fileEncoding = 4; lastKnownFileType = file.xib; path = DetailHeaderCell.xib; sourceTree = "<group>"; };
		B00BA14B166AE4BC0081A820 /* DetailHeaderCell.h */ = {isa = PBXFileReference; fileEncoding = 4; lastKnownFileType = sourcecode.c.h; path = DetailHeaderCell.h; sourceTree = "<group>"; };
		B00BA14C166AE4BD0081A820 /* DetailHeaderCell.m */ = {isa = PBXFileReference; fileEncoding = 4; lastKnownFileType = sourcecode.c.objc; path = DetailHeaderCell.m; sourceTree = "<group>"; };
		B00BA14E166AE8540081A820 /* DetailInfoCell.xib */ = {isa = PBXFileReference; fileEncoding = 4; lastKnownFileType = file.xib; path = DetailInfoCell.xib; sourceTree = "<group>"; };
		B00BA150166AE9C40081A820 /* DetailInfoCell.h */ = {isa = PBXFileReference; fileEncoding = 4; lastKnownFileType = sourcecode.c.h; path = DetailInfoCell.h; sourceTree = "<group>"; };
		B00BA151166AE9C40081A820 /* DetailInfoCell.m */ = {isa = PBXFileReference; fileEncoding = 4; lastKnownFileType = sourcecode.c.objc; path = DetailInfoCell.m; sourceTree = "<group>"; };
		B0150715165030EE007FABC2 /* PointRewardsTableViewCell.h */ = {isa = PBXFileReference; fileEncoding = 4; lastKnownFileType = sourcecode.c.h; path = PointRewardsTableViewCell.h; sourceTree = "<group>"; };
		B0150716165030EE007FABC2 /* PointRewardsTableViewCell.m */ = {isa = PBXFileReference; fileEncoding = 4; lastKnownFileType = sourcecode.c.objc; path = PointRewardsTableViewCell.m; sourceTree = "<group>"; };
		B0150719165048D8007FABC2 /* PointRewardsTableViewCell.xib */ = {isa = PBXFileReference; fileEncoding = 4; lastKnownFileType = file.xib; path = PointRewardsTableViewCell.xib; sourceTree = "<group>"; };
		B015071D165065F9007FABC2 /* button@2x.png */ = {isa = PBXFileReference; lastKnownFileType = image.png; path = "button@2x.png"; sourceTree = "<group>"; };
		B015071E165065F9007FABC2 /* button.png */ = {isa = PBXFileReference; lastKnownFileType = image.png; path = button.png; sourceTree = "<group>"; };
		B01507241650B290007FABC2 /* Flurry.h */ = {isa = PBXFileReference; fileEncoding = 4; lastKnownFileType = sourcecode.c.h; path = Flurry.h; sourceTree = "<group>"; };
		B01507251650B290007FABC2 /* libFlurry.a */ = {isa = PBXFileReference; lastKnownFileType = archive.ar; path = libFlurry.a; sourceTree = "<group>"; };
		B01507271658A421007FABC2 /* stargray@2x.png */ = {isa = PBXFileReference; lastKnownFileType = image.png; path = "stargray@2x.png"; sourceTree = "<group>"; };
		B01507281658A422007FABC2 /* stargray.png */ = {isa = PBXFileReference; lastKnownFileType = image.png; path = stargray.png; sourceTree = "<group>"; };
		B015072B1658A96A007FABC2 /* bar@2x.png */ = {isa = PBXFileReference; lastKnownFileType = image.png; path = "bar@2x.png"; sourceTree = "<group>"; };
		B015072C1658A96B007FABC2 /* bar.png */ = {isa = PBXFileReference; lastKnownFileType = image.png; path = bar.png; sourceTree = "<group>"; };
		B04699F5166C45DB001A96B9 /* imageBoundsWhite@2x.png */ = {isa = PBXFileReference; lastKnownFileType = image.png; path = "imageBoundsWhite@2x.png"; sourceTree = "<group>"; };
		B04699F6166C45DB001A96B9 /* imageBoundsWhite.png */ = {isa = PBXFileReference; lastKnownFileType = image.png; path = imageBoundsWhite.png; sourceTree = "<group>"; };
		B04699FA166C4A01001A96B9 /* imageBoundsGray@2x.png */ = {isa = PBXFileReference; lastKnownFileType = image.png; path = "imageBoundsGray@2x.png"; sourceTree = "<group>"; };
		B04699FB166C4A01001A96B9 /* imageBoundsGray.png */ = {isa = PBXFileReference; lastKnownFileType = image.png; path = imageBoundsGray.png; sourceTree = "<group>"; };
		B04699FE166C5DC1001A96B9 /* email.png */ = {isa = PBXFileReference; lastKnownFileType = image.png; path = email.png; sourceTree = "<group>"; };
		B04699FF166C5DC2001A96B9 /* email@2x.png */ = {isa = PBXFileReference; lastKnownFileType = image.png; path = "email@2x.png"; sourceTree = "<group>"; };
		B0469A00166C5DC2001A96B9 /* map.png */ = {isa = PBXFileReference; lastKnownFileType = image.png; path = map.png; sourceTree = "<group>"; };
		B0469A01166C5DC2001A96B9 /* map@2x.png */ = {isa = PBXFileReference; lastKnownFileType = image.png; path = "map@2x.png"; sourceTree = "<group>"; };
		B0469A02166C5DC2001A96B9 /* phone.png */ = {isa = PBXFileReference; lastKnownFileType = image.png; path = phone.png; sourceTree = "<group>"; };
		B0469A03166C5DC3001A96B9 /* phone@2x.png */ = {isa = PBXFileReference; lastKnownFileType = image.png; path = "phone@2x.png"; sourceTree = "<group>"; };
		B0469A04166C5DC3001A96B9 /* web.png */ = {isa = PBXFileReference; lastKnownFileType = image.png; path = web.png; sourceTree = "<group>"; };
		B0469A05166C5DC3001A96B9 /* web@2x.png */ = {isa = PBXFileReference; lastKnownFileType = image.png; path = "web@2x.png"; sourceTree = "<group>"; };
		B0469A0F166CB052001A96B9 /* GameUtils.h */ = {isa = PBXFileReference; fileEncoding = 4; lastKnownFileType = sourcecode.c.h; path = GameUtils.h; sourceTree = "<group>"; };
		B0469A10166CB052001A96B9 /* GameUtils.m */ = {isa = PBXFileReference; fileEncoding = 4; lastKnownFileType = sourcecode.c.objc; path = GameUtils.m; sourceTree = "<group>"; };
		B06114F51659BA5000DB1246 /* PointsTableViewCell.xib */ = {isa = PBXFileReference; fileEncoding = 4; lastKnownFileType = file.xib; path = PointsTableViewCell.xib; sourceTree = "<group>"; };
		B06114F81659BAB300DB1246 /* PointRewardsViewController.xib */ = {isa = PBXFileReference; fileEncoding = 4; lastKnownFileType = file.xib; path = PointRewardsViewController.xib; sourceTree = "<group>"; };
		B06114FD1659BB8C00DB1246 /* PointsTableViewCell.h */ = {isa = PBXFileReference; fileEncoding = 4; lastKnownFileType = sourcecode.c.h; path = PointsTableViewCell.h; sourceTree = "<group>"; };
		B06114FE1659BB8C00DB1246 /* PointsTableViewCell.m */ = {isa = PBXFileReference; fileEncoding = 4; lastKnownFileType = sourcecode.c.objc; path = PointsTableViewCell.m; sourceTree = "<group>"; };
		B06115081659DED300DB1246 /* barbig@2x.png */ = {isa = PBXFileReference; lastKnownFileType = image.png; path = "barbig@2x.png"; sourceTree = "<group>"; };
		B06115091659DED300DB1246 /* barbig.png */ = {isa = PBXFileReference; lastKnownFileType = image.png; path = barbig.png; sourceTree = "<group>"; };
		B061150C1659E78700DB1246 /* barbigclick@2x.png */ = {isa = PBXFileReference; lastKnownFileType = image.png; path = "barbigclick@2x.png"; sourceTree = "<group>"; };
		B061150D1659E78800DB1246 /* barbigclick.png */ = {isa = PBXFileReference; lastKnownFileType = image.png; path = barbigclick.png; sourceTree = "<group>"; };
		B062E002166F27CA00F70D15 /* like@2x.png */ = {isa = PBXFileReference; lastKnownFileType = image.png; path = "like@2x.png"; sourceTree = "<group>"; };
		B062E003166F27D900F70D15 /* like.png */ = {isa = PBXFileReference; lastKnownFileType = image.png; path = like.png; sourceTree = "<group>"; };
		B062E006166F731F00F70D15 /* helpPage@2x.png */ = {isa = PBXFileReference; lastKnownFileType = image.png; path = "helpPage@2x.png"; sourceTree = "<group>"; };
		B062E007166F732F00F70D15 /* helpPage.png */ = {isa = PBXFileReference; lastKnownFileType = image.png; path = helpPage.png; sourceTree = "<group>"; };
		B06364C416224115008557F7 /* RewardsTableViewCell.xib */ = {isa = PBXFileReference; fileEncoding = 4; lastKnownFileType = file.xib; path = RewardsTableViewCell.xib; sourceTree = "<group>"; };
		B06364C61622421F008557F7 /* RewardsTableViewCell.h */ = {isa = PBXFileReference; fileEncoding = 4; lastKnownFileType = sourcecode.c.h; path = RewardsTableViewCell.h; sourceTree = "<group>"; };
		B06364C71622421F008557F7 /* RewardsTableViewCell.m */ = {isa = PBXFileReference; fileEncoding = 4; lastKnownFileType = sourcecode.c.objc; path = RewardsTableViewCell.m; sourceTree = "<group>"; };
		B0C144CC1658D3DA00A62BAE /* barclicked@2x.png */ = {isa = PBXFileReference; lastKnownFileType = image.png; path = "barclicked@2x.png"; sourceTree = "<group>"; };
		B0C144CD1658D3DA00A62BAE /* barclicked.png */ = {isa = PBXFileReference; lastKnownFileType = image.png; path = barclicked.png; sourceTree = "<group>"; };
		B0C144D41658E42200A62BAE /* RewardCatTabBarController.h */ = {isa = PBXFileReference; fileEncoding = 4; lastKnownFileType = sourcecode.c.h; path = RewardCatTabBarController.h; sourceTree = "<group>"; };
		B0C144D51658E42200A62BAE /* RewardCatTabBarController.m */ = {isa = PBXFileReference; fileEncoding = 4; lastKnownFileType = sourcecode.c.objc; path = RewardCatTabBarController.m; sourceTree = "<group>"; };
		B0C144D71658E5B000A62BAE /* RewardCatViewController.h */ = {isa = PBXFileReference; fileEncoding = 4; lastKnownFileType = sourcecode.c.h; path = RewardCatViewController.h; sourceTree = "<group>"; };
		B0C144D81658E5B000A62BAE /* RewardCatViewController.m */ = {isa = PBXFileReference; fileEncoding = 4; lastKnownFileType = sourcecode.c.objc; path = RewardCatViewController.m; sourceTree = "<group>"; };
		B0C144DA1658EE8100A62BAE /* helpoff.png */ = {isa = PBXFileReference; lastKnownFileType = image.png; path = helpoff.png; sourceTree = "<group>"; };
		B0C144DB1658EE8100A62BAE /* helpon@2x.png */ = {isa = PBXFileReference; lastKnownFileType = image.png; path = "helpon@2x.png"; sourceTree = "<group>"; };
		B0C144DC1658EE8100A62BAE /* helpon.png */ = {isa = PBXFileReference; lastKnownFileType = image.png; path = helpon.png; sourceTree = "<group>"; };
		B0C144DD1658EE8200A62BAE /* helpoff@2x.png */ = {isa = PBXFileReference; lastKnownFileType = image.png; path = "helpoff@2x.png"; sourceTree = "<group>"; };
		B0C144E21658FA7900A62BAE /* couponoff.png */ = {isa = PBXFileReference; lastKnownFileType = image.png; path = couponoff.png; sourceTree = "<group>"; };
		B0C144E31658FA7900A62BAE /* couponoff@2x.png */ = {isa = PBXFileReference; lastKnownFileType = image.png; path = "couponoff@2x.png"; sourceTree = "<group>"; };
		B0C144E41658FA7A00A62BAE /* couponon.png */ = {isa = PBXFileReference; lastKnownFileType = image.png; path = couponon.png; sourceTree = "<group>"; };
		B0C144E51658FA7A00A62BAE /* couponon@2x.png */ = {isa = PBXFileReference; lastKnownFileType = image.png; path = "couponon@2x.png"; sourceTree = "<group>"; };
		B0C144EA1658FA8A00A62BAE /* personoff.png */ = {isa = PBXFileReference; lastKnownFileType = image.png; path = personoff.png; sourceTree = "<group>"; };
		B0C144EB1658FA8B00A62BAE /* personoff@2x.png */ = {isa = PBXFileReference; lastKnownFileType = image.png; path = "personoff@2x.png"; sourceTree = "<group>"; };
		B0C144EC1658FA8B00A62BAE /* personon.png */ = {isa = PBXFileReference; lastKnownFileType = image.png; path = personon.png; sourceTree = "<group>"; };
		B0C144ED1658FA8B00A62BAE /* personon@2x.png */ = {isa = PBXFileReference; lastKnownFileType = image.png; path = "personon@2x.png"; sourceTree = "<group>"; };
		B0C144EE1658FA8C00A62BAE /* qroff.png */ = {isa = PBXFileReference; lastKnownFileType = image.png; path = qroff.png; sourceTree = "<group>"; };
		B0C144EF1658FA8D00A62BAE /* qroff@2x.png */ = {isa = PBXFileReference; lastKnownFileType = image.png; path = "qroff@2x.png"; sourceTree = "<group>"; };
		B0C144F01658FA8D00A62BAE /* qron.png */ = {isa = PBXFileReference; lastKnownFileType = image.png; path = qron.png; sourceTree = "<group>"; };
		B0C144F11658FA8E00A62BAE /* qron@2x.png */ = {isa = PBXFileReference; lastKnownFileType = image.png; path = "qron@2x.png"; sourceTree = "<group>"; };
		B0C144FA1658FAA500A62BAE /* staroff.png */ = {isa = PBXFileReference; lastKnownFileType = image.png; path = staroff.png; sourceTree = "<group>"; };
		B0C144FB1658FAA500A62BAE /* staroff@2x.png */ = {isa = PBXFileReference; lastKnownFileType = image.png; path = "staroff@2x.png"; sourceTree = "<group>"; };
		B0C144FC1658FAA600A62BAE /* staron.png */ = {isa = PBXFileReference; lastKnownFileType = image.png; path = staron.png; sourceTree = "<group>"; };
		B0C144FD1658FAA600A62BAE /* staron@2x.png */ = {isa = PBXFileReference; lastKnownFileType = image.png; path = "staron@2x.png"; sourceTree = "<group>"; };
		B0C145021658FDC800A62BAE /* redeem@2x.png */ = {isa = PBXFileReference; lastKnownFileType = image.png; path = "redeem@2x.png"; sourceTree = "<group>"; };
		B0C145031658FDC800A62BAE /* redeem.png */ = {isa = PBXFileReference; lastKnownFileType = image.png; path = redeem.png; sourceTree = "<group>"; };
		B0C145061659A05600A62BAE /* redeemgray@2x.png */ = {isa = PBXFileReference; lastKnownFileType = image.png; path = "redeemgray@2x.png"; sourceTree = "<group>"; };
		B0C145071659A05600A62BAE /* redeemgray.png */ = {isa = PBXFileReference; lastKnownFileType = image.png; path = redeemgray.png; sourceTree = "<group>"; };
		B0C1450D1659A39200A62BAE /* LoadMoreTableViewCell.h */ = {isa = PBXFileReference; fileEncoding = 4; lastKnownFileType = sourcecode.c.h; path = LoadMoreTableViewCell.h; sourceTree = "<group>"; };
		B0C1450E1659A39200A62BAE /* LoadMoreTableViewCell.m */ = {isa = PBXFileReference; fileEncoding = 4; lastKnownFileType = sourcecode.c.objc; path = LoadMoreTableViewCell.m; sourceTree = "<group>"; };
		B0C145101659A3B300A62BAE /* LoadMoreTableViewCell.xib */ = {isa = PBXFileReference; fileEncoding = 4; lastKnownFileType = file.xib; path = LoadMoreTableViewCell.xib; sourceTree = "<group>"; };
		B0C145121659A76200A62BAE /* loading@2x.png */ = {isa = PBXFileReference; lastKnownFileType = image.png; path = "loading@2x.png"; sourceTree = "<group>"; };
		B0C145131659A76200A62BAE /* loading.png */ = {isa = PBXFileReference; lastKnownFileType = image.png; path = loading.png; sourceTree = "<group>"; };
		B0C500BA166B4E26004E26D5 /* DetailDescriptionCell.h */ = {isa = PBXFileReference; fileEncoding = 4; lastKnownFileType = sourcecode.c.h; path = DetailDescriptionCell.h; sourceTree = "<group>"; };
		B0C500BB166B4E27004E26D5 /* DetailDescriptionCell.m */ = {isa = PBXFileReference; fileEncoding = 4; lastKnownFileType = sourcecode.c.objc; path = DetailDescriptionCell.m; sourceTree = "<group>"; };
		B0C500BD166B4E43004E26D5 /* DetailDescriptionCell.xib */ = {isa = PBXFileReference; fileEncoding = 4; lastKnownFileType = file.xib; path = DetailDescriptionCell.xib; sourceTree = "<group>"; };
		B0C500BF166B623B004E26D5 /* MapKit.framework */ = {isa = PBXFileReference; lastKnownFileType = wrapper.framework; name = MapKit.framework; path = System/Library/Frameworks/MapKit.framework; sourceTree = SDKROOT; };
		B0C500C1166B626D004E26D5 /* CoreLocation.framework */ = {isa = PBXFileReference; lastKnownFileType = wrapper.framework; name = CoreLocation.framework; path = System/Library/Frameworks/CoreLocation.framework; sourceTree = SDKROOT; };
		B0C8CF05164FA39500D0753C /* Reachability.h */ = {isa = PBXFileReference; fileEncoding = 4; lastKnownFileType = sourcecode.c.h; path = Reachability.h; sourceTree = "<group>"; };
		B0C8CF06164FA39500D0753C /* Reachability.m */ = {isa = PBXFileReference; fileEncoding = 4; lastKnownFileType = sourcecode.c.objc; path = Reachability.m; sourceTree = "<group>"; };
		B0DC906D1619048B00F20C78 /* RewardCat.app */ = {isa = PBXFileReference; explicitFileType = wrapper.application; includeInIndex = 0; path = RewardCat.app; sourceTree = BUILT_PRODUCTS_DIR; };
		B0DC90711619048B00F20C78 /* UIKit.framework */ = {isa = PBXFileReference; lastKnownFileType = wrapper.framework; name = UIKit.framework; path = System/Library/Frameworks/UIKit.framework; sourceTree = SDKROOT; };
		B0DC90731619048B00F20C78 /* Foundation.framework */ = {isa = PBXFileReference; lastKnownFileType = wrapper.framework; name = Foundation.framework; path = System/Library/Frameworks/Foundation.framework; sourceTree = SDKROOT; };
		B0DC90751619048B00F20C78 /* CoreGraphics.framework */ = {isa = PBXFileReference; lastKnownFileType = wrapper.framework; name = CoreGraphics.framework; path = System/Library/Frameworks/CoreGraphics.framework; sourceTree = SDKROOT; };
		B0DC9090161904F600F20C78 /* AppDelegate.h */ = {isa = PBXFileReference; fileEncoding = 4; lastKnownFileType = sourcecode.c.h; path = AppDelegate.h; sourceTree = "<group>"; };
		B0DC9091161904F600F20C78 /* AppDelegate.m */ = {isa = PBXFileReference; fileEncoding = 4; lastKnownFileType = sourcecode.c.objc; path = AppDelegate.m; sourceTree = "<group>"; };
		B0DC9092161904F600F20C78 /* Default-568h@2x.png */ = {isa = PBXFileReference; lastKnownFileType = image.png; path = "Default-568h@2x.png"; sourceTree = "<group>"; };
		B0DC9093161904F600F20C78 /* Default.png */ = {isa = PBXFileReference; lastKnownFileType = image.png; path = Default.png; sourceTree = "<group>"; };
		B0DC9094161904F600F20C78 /* Default@2x.png */ = {isa = PBXFileReference; lastKnownFileType = image.png; path = "Default@2x.png"; sourceTree = "<group>"; };
		B0DC9096161904F600F20C78 /* en */ = {isa = PBXFileReference; lastKnownFileType = text.plist.strings; name = en; path = en.lproj/InfoPlist.strings; sourceTree = "<group>"; };
		B0DC9098161904F600F20C78 /* en */ = {isa = PBXFileReference; lastKnownFileType = file.xib; name = en; path = en.lproj/RewardsViewController.xib; sourceTree = "<group>"; };
		B0DC909A161904F600F20C78 /* en */ = {isa = PBXFileReference; lastKnownFileType = file.xib; name = en; path = en.lproj/ScanViewController.xib; sourceTree = "<group>"; };
		B0DC909D161904F600F20C78 /* main.m */ = {isa = PBXFileReference; fileEncoding = 4; lastKnownFileType = sourcecode.c.objc; path = main.m; sourceTree = "<group>"; };
		B0DC909E161904F600F20C78 /* RewardCat-Info.plist */ = {isa = PBXFileReference; fileEncoding = 4; lastKnownFileType = text.plist.xml; path = "RewardCat-Info.plist"; sourceTree = "<group>"; };
		B0DC909F161904F600F20C78 /* RewardCat-Prefix.pch */ = {isa = PBXFileReference; fileEncoding = 4; lastKnownFileType = sourcecode.c.h; path = "RewardCat-Prefix.pch"; sourceTree = "<group>"; };
		B0DC90A0161904F600F20C78 /* RewardsTableViewController.h */ = {isa = PBXFileReference; fileEncoding = 4; lastKnownFileType = sourcecode.c.h; path = RewardsTableViewController.h; sourceTree = "<group>"; };
		B0DC90A1161904F600F20C78 /* RewardsTableViewController.m */ = {isa = PBXFileReference; fileEncoding = 4; lastKnownFileType = sourcecode.c.objc; path = RewardsTableViewController.m; sourceTree = "<group>"; };
		B0DC90A2161904F600F20C78 /* RewardsViewController.h */ = {isa = PBXFileReference; fileEncoding = 4; lastKnownFileType = sourcecode.c.h; path = RewardsViewController.h; sourceTree = "<group>"; };
		B0DC90A3161904F600F20C78 /* RewardsViewController.m */ = {isa = PBXFileReference; fileEncoding = 4; lastKnownFileType = sourcecode.c.objc; path = RewardsViewController.m; sourceTree = "<group>"; };
		B0DC90A4161904F600F20C78 /* ScanViewController.h */ = {isa = PBXFileReference; fileEncoding = 4; lastKnownFileType = sourcecode.c.h; path = ScanViewController.h; sourceTree = "<group>"; };
		B0DC90A5161904F600F20C78 /* ScanViewController.m */ = {isa = PBXFileReference; fileEncoding = 4; lastKnownFileType = sourcecode.c.objc; path = ScanViewController.m; sourceTree = "<group>"; };
		B0DC90CB161916A500F20C78 /* AdSupport.framework */ = {isa = PBXFileReference; lastKnownFileType = wrapper.framework; name = AdSupport.framework; path = System/Library/Frameworks/AdSupport.framework; sourceTree = SDKROOT; };
		B0DC90CD1619173000F20C78 /* Social.framework */ = {isa = PBXFileReference; lastKnownFileType = wrapper.framework; name = Social.framework; path = System/Library/Frameworks/Social.framework; sourceTree = SDKROOT; };
		B0DC90CF161917FA00F20C78 /* Accounts.framework */ = {isa = PBXFileReference; lastKnownFileType = wrapper.framework; name = Accounts.framework; path = System/Library/Frameworks/Accounts.framework; sourceTree = SDKROOT; };
		B0DC90D11619182600F20C78 /* libsqlite3.dylib */ = {isa = PBXFileReference; lastKnownFileType = "compiled.mach-o.dylib"; name = libsqlite3.dylib; path = usr/lib/libsqlite3.dylib; sourceTree = SDKROOT; };
		B0DC90D31619183D00F20C78 /* StoreKit.framework */ = {isa = PBXFileReference; lastKnownFileType = wrapper.framework; name = StoreKit.framework; path = System/Library/Frameworks/StoreKit.framework; sourceTree = SDKROOT; };
		B0DC90D51619185C00F20C78 /* QuartzCore.framework */ = {isa = PBXFileReference; lastKnownFileType = wrapper.framework; name = QuartzCore.framework; path = System/Library/Frameworks/QuartzCore.framework; sourceTree = SDKROOT; };
		B0DC90D71619186A00F20C78 /* libz.1.1.3.dylib */ = {isa = PBXFileReference; lastKnownFileType = "compiled.mach-o.dylib"; name = libz.1.1.3.dylib; path = usr/lib/libz.1.1.3.dylib; sourceTree = SDKROOT; };
		B0DC90D91619187F00F20C78 /* Security.framework */ = {isa = PBXFileReference; lastKnownFileType = wrapper.framework; name = Security.framework; path = System/Library/Frameworks/Security.framework; sourceTree = SDKROOT; };
		B0DC90DB1619188A00F20C78 /* AudioToolbox.framework */ = {isa = PBXFileReference; lastKnownFileType = wrapper.framework; name = AudioToolbox.framework; path = System/Library/Frameworks/AudioToolbox.framework; sourceTree = SDKROOT; };
		B0DC90DD1619189300F20C78 /* MobileCoreServices.framework */ = {isa = PBXFileReference; lastKnownFileType = wrapper.framework; name = MobileCoreServices.framework; path = System/Library/Frameworks/MobileCoreServices.framework; sourceTree = SDKROOT; };
		B0DC90DF1619189A00F20C78 /* SystemConfiguration.framework */ = {isa = PBXFileReference; lastKnownFileType = wrapper.framework; name = SystemConfiguration.framework; path = System/Library/Frameworks/SystemConfiguration.framework; sourceTree = SDKROOT; };
		B0DC90E1161918AE00F20C78 /* CFNetwork.framework */ = {isa = PBXFileReference; lastKnownFileType = wrapper.framework; name = CFNetwork.framework; path = System/Library/Frameworks/CFNetwork.framework; sourceTree = SDKROOT; };
		B0DC90E31619191C00F20C78 /* Parse.framework */ = {isa = PBXFileReference; lastKnownFileType = wrapper.framework; path = Parse.framework; sourceTree = "<group>"; };
		B0DC90E91619199500F20C78 /* AVFoundation.framework */ = {isa = PBXFileReference; lastKnownFileType = wrapper.framework; name = AVFoundation.framework; path = System/Library/Frameworks/AVFoundation.framework; sourceTree = SDKROOT; };
		B0DC90EB161919A100F20C78 /* CoreMedia.framework */ = {isa = PBXFileReference; lastKnownFileType = wrapper.framework; name = CoreMedia.framework; path = System/Library/Frameworks/CoreMedia.framework; sourceTree = SDKROOT; };
		B0DC90ED161919AA00F20C78 /* CoreVideo.framework */ = {isa = PBXFileReference; lastKnownFileType = wrapper.framework; name = CoreVideo.framework; path = System/Library/Frameworks/CoreVideo.framework; sourceTree = SDKROOT; };
		B0DC90EF161919C300F20C78 /* libiconv.dylib */ = {isa = PBXFileReference; lastKnownFileType = "compiled.mach-o.dylib"; name = libiconv.dylib; path = usr/lib/libiconv.dylib; sourceTree = SDKROOT; };
		B0DC90F516191A2000F20C78 /* Decoder.h */ = {isa = PBXFileReference; fileEncoding = 4; lastKnownFileType = sourcecode.c.h; path = Decoder.h; sourceTree = "<group>"; };
		B0DC90F616191A2000F20C78 /* Exception.h */ = {isa = PBXFileReference; fileEncoding = 4; lastKnownFileType = sourcecode.c.h; path = Exception.h; sourceTree = "<group>"; };
		B0DC90F716191A2000F20C78 /* Image.h */ = {isa = PBXFileReference; fileEncoding = 4; lastKnownFileType = sourcecode.c.h; path = Image.h; sourceTree = "<group>"; };
		B0DC90F816191A2000F20C78 /* ImageScanner.h */ = {isa = PBXFileReference; fileEncoding = 4; lastKnownFileType = sourcecode.c.h; path = ImageScanner.h; sourceTree = "<group>"; };
		B0DC90F916191A2000F20C78 /* Processor.h */ = {isa = PBXFileReference; fileEncoding = 4; lastKnownFileType = sourcecode.c.h; path = Processor.h; sourceTree = "<group>"; };
		B0DC90FA16191A2000F20C78 /* Scanner.h */ = {isa = PBXFileReference; fileEncoding = 4; lastKnownFileType = sourcecode.c.h; path = Scanner.h; sourceTree = "<group>"; };
		B0DC90FB16191A2000F20C78 /* Symbol.h */ = {isa = PBXFileReference; fileEncoding = 4; lastKnownFileType = sourcecode.c.h; path = Symbol.h; sourceTree = "<group>"; };
		B0DC90FC16191A2000F20C78 /* Video.h */ = {isa = PBXFileReference; fileEncoding = 4; lastKnownFileType = sourcecode.c.h; path = Video.h; sourceTree = "<group>"; };
		B0DC90FD16191A2000F20C78 /* Window.h */ = {isa = PBXFileReference; fileEncoding = 4; lastKnownFileType = sourcecode.c.h; path = Window.h; sourceTree = "<group>"; };
		B0DC90FE16191A2000F20C78 /* zbar.h */ = {isa = PBXFileReference; fileEncoding = 4; lastKnownFileType = sourcecode.c.h; path = zbar.h; sourceTree = "<group>"; };
		B0DC90FF16191A2000F20C78 /* ZBarCameraSimulator.h */ = {isa = PBXFileReference; fileEncoding = 4; lastKnownFileType = sourcecode.c.h; path = ZBarCameraSimulator.h; sourceTree = "<group>"; };
		B0DC910016191A2000F20C78 /* ZBarCaptureReader.h */ = {isa = PBXFileReference; fileEncoding = 4; lastKnownFileType = sourcecode.c.h; path = ZBarCaptureReader.h; sourceTree = "<group>"; };
		B0DC910116191A2000F20C78 /* ZBarHelpController.h */ = {isa = PBXFileReference; fileEncoding = 4; lastKnownFileType = sourcecode.c.h; path = ZBarHelpController.h; sourceTree = "<group>"; };
		B0DC910216191A2000F20C78 /* ZBarImage.h */ = {isa = PBXFileReference; fileEncoding = 4; lastKnownFileType = sourcecode.c.h; path = ZBarImage.h; sourceTree = "<group>"; };
		B0DC910316191A2000F20C78 /* ZBarImageScanner.h */ = {isa = PBXFileReference; fileEncoding = 4; lastKnownFileType = sourcecode.c.h; path = ZBarImageScanner.h; sourceTree = "<group>"; };
		B0DC910416191A2000F20C78 /* ZBarReaderController.h */ = {isa = PBXFileReference; fileEncoding = 4; lastKnownFileType = sourcecode.c.h; path = ZBarReaderController.h; sourceTree = "<group>"; };
		B0DC910516191A2000F20C78 /* ZBarReaderView.h */ = {isa = PBXFileReference; fileEncoding = 4; lastKnownFileType = sourcecode.c.h; path = ZBarReaderView.h; sourceTree = "<group>"; };
		B0DC910616191A2000F20C78 /* ZBarReaderViewController.h */ = {isa = PBXFileReference; fileEncoding = 4; lastKnownFileType = sourcecode.c.h; path = ZBarReaderViewController.h; sourceTree = "<group>"; };
		B0DC910716191A2000F20C78 /* ZBarSDK.h */ = {isa = PBXFileReference; fileEncoding = 4; lastKnownFileType = sourcecode.c.h; path = ZBarSDK.h; sourceTree = "<group>"; };
		B0DC910816191A2000F20C78 /* ZBarSymbol.h */ = {isa = PBXFileReference; fileEncoding = 4; lastKnownFileType = sourcecode.c.h; path = ZBarSymbol.h; sourceTree = "<group>"; };
		B0DC910916191A2000F20C78 /* libzbar.a */ = {isa = PBXFileReference; lastKnownFileType = archive.ar; path = libzbar.a; sourceTree = "<group>"; };
		B0DC910B16191A2000F20C78 /* zbar-back.png */ = {isa = PBXFileReference; lastKnownFileType = image.png; path = "zbar-back.png"; sourceTree = "<group>"; };
		B0DC910C16191A2000F20C78 /* zbar-help.html */ = {isa = PBXFileReference; fileEncoding = 4; lastKnownFileType = text.html; path = "zbar-help.html"; sourceTree = "<group>"; };
		B0DC910D16191A2000F20C78 /* zbar-helpicons.png */ = {isa = PBXFileReference; lastKnownFileType = image.png; path = "zbar-helpicons.png"; sourceTree = "<group>"; };
		B0DC910E16191A2000F20C78 /* zbar-samples.png */ = {isa = PBXFileReference; lastKnownFileType = image.png; path = "zbar-samples.png"; sourceTree = "<group>"; };
		B0E234D9162AABB300DB0DDC /* Icon.png */ = {isa = PBXFileReference; lastKnownFileType = image.png; path = Icon.png; sourceTree = "<group>"; };
		B0E234DF163E2BB900DB0DDC /* DetailViewController.h */ = {isa = PBXFileReference; fileEncoding = 4; lastKnownFileType = sourcecode.c.h; path = DetailViewController.h; sourceTree = "<group>"; };
		B0E234E0163E2BB900DB0DDC /* DetailViewController.m */ = {isa = PBXFileReference; fileEncoding = 4; lastKnownFileType = sourcecode.c.objc; path = DetailViewController.m; sourceTree = "<group>"; };
		B0E234E1163E2BBA00DB0DDC /* DetailViewController.xib */ = {isa = PBXFileReference; fileEncoding = 4; lastKnownFileType = file.xib; path = DetailViewController.xib; sourceTree = "<group>"; };
		B0EF5665164F113900ABF6F2 /* PointRewardsViewController.h */ = {isa = PBXFileReference; fileEncoding = 4; lastKnownFileType = sourcecode.c.h; path = PointRewardsViewController.h; sourceTree = "<group>"; };
		B0EF5666164F113A00ABF6F2 /* PointRewardsViewController.m */ = {isa = PBXFileReference; fileEncoding = 4; lastKnownFileType = sourcecode.c.objc; path = PointRewardsViewController.m; sourceTree = "<group>"; };
		B0EF566A164F195E00ABF6F2 /* PointRewardsTableViewController.h */ = {isa = PBXFileReference; fileEncoding = 4; lastKnownFileType = sourcecode.c.h; path = PointRewardsTableViewController.h; sourceTree = "<group>"; };
		B0EF566B164F195E00ABF6F2 /* PointRewardsTableViewController.m */ = {isa = PBXFileReference; fileEncoding = 4; lastKnownFileType = sourcecode.c.objc; path = PointRewardsTableViewController.m; sourceTree = "<group>"; };
		B0EF5677164F294700ABF6F2 /* AccountViewController.h */ = {isa = PBXFileReference; fileEncoding = 4; lastKnownFileType = sourcecode.c.h; path = AccountViewController.h; sourceTree = "<group>"; };
		B0EF5678164F294700ABF6F2 /* AccountViewController.m */ = {isa = PBXFileReference; fileEncoding = 4; lastKnownFileType = sourcecode.c.objc; path = AccountViewController.m; sourceTree = "<group>"; };
		B0EF5679164F294800ABF6F2 /* AccountViewController.xib */ = {isa = PBXFileReference; fileEncoding = 4; lastKnownFileType = file.xib; path = AccountViewController.xib; sourceTree = "<group>"; };
		B0EF567C164F2CE600ABF6F2 /* HelpViewController.h */ = {isa = PBXFileReference; fileEncoding = 4; lastKnownFileType = sourcecode.c.h; path = HelpViewController.h; sourceTree = "<group>"; };
		B0EF567D164F2CE600ABF6F2 /* HelpViewController.m */ = {isa = PBXFileReference; fileEncoding = 4; lastKnownFileType = sourcecode.c.objc; path = HelpViewController.m; sourceTree = "<group>"; };
		B0EF567E164F2CE700ABF6F2 /* HelpViewController.xib */ = {isa = PBXFileReference; fileEncoding = 4; lastKnownFileType = file.xib; path = HelpViewController.xib; sourceTree = "<group>"; };
		B0EF568F164F325F00ABF6F2 /* star@2x.png */ = {isa = PBXFileReference; lastKnownFileType = image.png; path = "star@2x.png"; sourceTree = "<group>"; };
		B0EF5690164F325F00ABF6F2 /* star.png */ = {isa = PBXFileReference; lastKnownFileType = image.png; path = star.png; sourceTree = "<group>"; };
		B0EF5697164F3B4200ABF6F2 /* Icon@2x.png */ = {isa = PBXFileReference; lastKnownFileType = image.png; path = "Icon@2x.png"; sourceTree = "<group>"; };
		B0EF5699164F4EEC00ABF6F2 /* scanbox.png */ = {isa = PBXFileReference; lastKnownFileType = image.png; path = scanbox.png; sourceTree = "<group>"; };
		B0EF569B164F529F00ABF6F2 /* scanbox@2x.png */ = {isa = PBXFileReference; lastKnownFileType = image.png; path = "scanbox@2x.png"; sourceTree = "<group>"; };
/* End PBXFileReference section */

/* Begin PBXFrameworksBuildPhase section */
		B0DC906A1619048B00F20C78 /* Frameworks */ = {
			isa = PBXFrameworksBuildPhase;
			buildActionMask = 2147483647;
			files = (
				B0C500C2166B626F004E26D5 /* CoreLocation.framework in Frameworks */,
				B0C500C0166B623C004E26D5 /* MapKit.framework in Frameworks */,
				B00BA10C1661F53A0081A820 /* MessageUI.framework in Frameworks */,
				B0DC90F0161919C300F20C78 /* libiconv.dylib in Frameworks */,
				B0DC90EE161919AA00F20C78 /* CoreVideo.framework in Frameworks */,
				B0DC90EC161919A100F20C78 /* CoreMedia.framework in Frameworks */,
				B0DC90EA1619199500F20C78 /* AVFoundation.framework in Frameworks */,
				B0DC90E41619191C00F20C78 /* Parse.framework in Frameworks */,
				B0DC90E2161918AE00F20C78 /* CFNetwork.framework in Frameworks */,
				B0DC90E01619189A00F20C78 /* SystemConfiguration.framework in Frameworks */,
				B0DC90DE1619189300F20C78 /* MobileCoreServices.framework in Frameworks */,
				B0DC90DC1619188A00F20C78 /* AudioToolbox.framework in Frameworks */,
				B0DC90DA1619187F00F20C78 /* Security.framework in Frameworks */,
				B0DC90D81619186A00F20C78 /* libz.1.1.3.dylib in Frameworks */,
				B0DC90D61619185C00F20C78 /* QuartzCore.framework in Frameworks */,
				B0DC90761619048B00F20C78 /* CoreGraphics.framework in Frameworks */,
				B0DC90D41619183D00F20C78 /* StoreKit.framework in Frameworks */,
				B0DC90D21619182600F20C78 /* libsqlite3.dylib in Frameworks */,
				B0DC90D0161917FA00F20C78 /* Accounts.framework in Frameworks */,
				B0DC90CE1619173000F20C78 /* Social.framework in Frameworks */,
				B0DC90CC161916A500F20C78 /* AdSupport.framework in Frameworks */,
				B0DC90721619048B00F20C78 /* UIKit.framework in Frameworks */,
				B0DC90741619048B00F20C78 /* Foundation.framework in Frameworks */,
				B0DC910F16191A2000F20C78 /* libzbar.a in Frameworks */,
				B01507261650B290007FABC2 /* libFlurry.a in Frameworks */,
			);
			runOnlyForDeploymentPostprocessing = 0;
		};
/* End PBXFrameworksBuildPhase section */

/* Begin PBXGroup section */
		B01507231650B290007FABC2 /* Flurry */ = {
			isa = PBXGroup;
			children = (
				B01507241650B290007FABC2 /* Flurry.h */,
				B01507251650B290007FABC2 /* libFlurry.a */,
			);
			path = Flurry;
			sourceTree = SOURCE_ROOT;
		};
		B0469A0E166CB02D001A96B9 /* Utils */ = {
			isa = PBXGroup;
			children = (
				B0469A0F166CB052001A96B9 /* GameUtils.h */,
				B0469A10166CB052001A96B9 /* GameUtils.m */,
			);
			name = Utils;
			sourceTree = "<group>";
		};
		B06364C2162240C3008557F7 /* Views */ = {
			isa = PBXGroup;
			children = (
				B06364C61622421F008557F7 /* RewardsTableViewCell.h */,
				B06364C71622421F008557F7 /* RewardsTableViewCell.m */,
				B0150715165030EE007FABC2 /* PointRewardsTableViewCell.h */,
				B0150716165030EE007FABC2 /* PointRewardsTableViewCell.m */,
				B0C1450D1659A39200A62BAE /* LoadMoreTableViewCell.h */,
				B0C1450E1659A39200A62BAE /* LoadMoreTableViewCell.m */,
				B06114FD1659BB8C00DB1246 /* PointsTableViewCell.h */,
				B06114FE1659BB8C00DB1246 /* PointsTableViewCell.m */,
				B00BA14B166AE4BC0081A820 /* DetailHeaderCell.h */,
				B00BA14C166AE4BD0081A820 /* DetailHeaderCell.m */,
				B00BA150166AE9C40081A820 /* DetailInfoCell.h */,
				B00BA151166AE9C40081A820 /* DetailInfoCell.m */,
				B0C500BA166B4E26004E26D5 /* DetailDescriptionCell.h */,
				B0C500BB166B4E27004E26D5 /* DetailDescriptionCell.m */,
			);
			name = Views;
			sourceTree = "<group>";
		};
		B0DC90621619048B00F20C78 = {
			isa = PBXGroup;
			children = (
				B0DC908F161904F600F20C78 /* Rewards */,
				B0DC90701619048B00F20C78 /* Frameworks */,
				B0DC906E1619048B00F20C78 /* Products */,
				B01507231650B290007FABC2 /* Flurry */,
				B0DC90F116191A2000F20C78 /* ZBarSDK */,
			);
			sourceTree = "<group>";
		};
		B0DC906E1619048B00F20C78 /* Products */ = {
			isa = PBXGroup;
			children = (
				B0DC906D1619048B00F20C78 /* RewardCat.app */,
			);
			name = Products;
			sourceTree = "<group>";
		};
		B0DC90701619048B00F20C78 /* Frameworks */ = {
			isa = PBXGroup;
			children = (
				B0DC90EF161919C300F20C78 /* libiconv.dylib */,
				B0C500C1166B626D004E26D5 /* CoreLocation.framework */,
				B0C500BF166B623B004E26D5 /* MapKit.framework */,
				B00BA10B1661F5390081A820 /* MessageUI.framework */,
				B0DC90ED161919AA00F20C78 /* CoreVideo.framework */,
				B0DC90EB161919A100F20C78 /* CoreMedia.framework */,
				B0DC90E91619199500F20C78 /* AVFoundation.framework */,
				B0DC90E31619191C00F20C78 /* Parse.framework */,
				B0DC90E1161918AE00F20C78 /* CFNetwork.framework */,
				B0DC90DF1619189A00F20C78 /* SystemConfiguration.framework */,
				B0DC90DD1619189300F20C78 /* MobileCoreServices.framework */,
				B0DC90DB1619188A00F20C78 /* AudioToolbox.framework */,
				B0DC90D91619187F00F20C78 /* Security.framework */,
				B0DC90D71619186A00F20C78 /* libz.1.1.3.dylib */,
				B0DC90D51619185C00F20C78 /* QuartzCore.framework */,
				B0DC90D31619183D00F20C78 /* StoreKit.framework */,
				B0DC90D11619182600F20C78 /* libsqlite3.dylib */,
				B0DC90CF161917FA00F20C78 /* Accounts.framework */,
				B0DC90CD1619173000F20C78 /* Social.framework */,
				B0DC90CB161916A500F20C78 /* AdSupport.framework */,
				B0DC90711619048B00F20C78 /* UIKit.framework */,
				B0DC90731619048B00F20C78 /* Foundation.framework */,
				B0DC90751619048B00F20C78 /* CoreGraphics.framework */,
			);
			name = Frameworks;
			sourceTree = "<group>";
		};
		B0DC908F161904F600F20C78 /* Rewards */ = {
			isa = PBXGroup;
			children = (
				B0DC90BA1619056400F20C78 /* Resources */,
				B0DC90B81619051E00F20C78 /* Classes */,
				B0DC909E161904F600F20C78 /* RewardCat-Info.plist */,
				B0DC909F161904F600F20C78 /* RewardCat-Prefix.pch */,
				B0DC9095161904F600F20C78 /* InfoPlist.strings */,
			);
			path = Rewards;
			sourceTree = "<group>";
		};
		B0DC90B81619051E00F20C78 /* Classes */ = {
			isa = PBXGroup;
			children = (
				B0469A0E166CB02D001A96B9 /* Utils */,
				B06364C2162240C3008557F7 /* Views */,
				B0DC90B91619053800F20C78 /* Controllers */,
				B0DC9090161904F600F20C78 /* AppDelegate.h */,
				B0DC9091161904F600F20C78 /* AppDelegate.m */,
				B0C8CF05164FA39500D0753C /* Reachability.h */,
				B0C8CF06164FA39500D0753C /* Reachability.m */,
				B0DC909D161904F600F20C78 /* main.m */,
			);
			name = Classes;
			sourceTree = "<group>";
		};
		B0DC90B91619053800F20C78 /* Controllers */ = {
			isa = PBXGroup;
			children = (
				B0EF567C164F2CE600ABF6F2 /* HelpViewController.h */,
				B0EF567D164F2CE600ABF6F2 /* HelpViewController.m */,
				B0EF5677164F294700ABF6F2 /* AccountViewController.h */,
				B0EF5678164F294700ABF6F2 /* AccountViewController.m */,
				B00BA0F516607D0D0081A820 /* SignUpLogInViewController.h */,
				B00BA0F616607D0E0081A820 /* SignUpLogInViewController.m */,
				B00BA0FB16609B580081A820 /* SignUpViewController.h */,
				B00BA0FC16609B5A0081A820 /* SignUpViewController.m */,
				B00BA0FE1660C28C0081A820 /* LoggedInAccountViewController.h */,
				B00BA0FF1660C28E0081A820 /* LoggedInAccountViewController.m */,
				B0DC90A2161904F600F20C78 /* RewardsViewController.h */,
				B0DC90A3161904F600F20C78 /* RewardsViewController.m */,
				B0DC90A0161904F600F20C78 /* RewardsTableViewController.h */,
				B0DC90A1161904F600F20C78 /* RewardsTableViewController.m */,
				B0EF5665164F113900ABF6F2 /* PointRewardsViewController.h */,
				B0EF5666164F113A00ABF6F2 /* PointRewardsViewController.m */,
				B0EF566A164F195E00ABF6F2 /* PointRewardsTableViewController.h */,
				B0EF566B164F195E00ABF6F2 /* PointRewardsTableViewController.m */,
				B0DC90A4161904F600F20C78 /* ScanViewController.h */,
				B0DC90A5161904F600F20C78 /* ScanViewController.m */,
				B0E234DF163E2BB900DB0DDC /* DetailViewController.h */,
				B0E234E0163E2BB900DB0DDC /* DetailViewController.m */,
				B0C144D41658E42200A62BAE /* RewardCatTabBarController.h */,
				B0C144D51658E42200A62BAE /* RewardCatTabBarController.m */,
				B0C144D71658E5B000A62BAE /* RewardCatViewController.h */,
				B0C144D81658E5B000A62BAE /* RewardCatViewController.m */,
			);
			name = Controllers;
			sourceTree = "<group>";
		};
		B0DC90BA1619056400F20C78 /* Resources */ = {
			isa = PBXGroup;
			children = (
				B0DC90BB1619056F00F20C78 /* Images */,
				B0DC90BC1619057500F20C78 /* Nibs */,
			);
			name = Resources;
			sourceTree = "<group>";
		};
		B0DC90BB1619056F00F20C78 /* Images */ = {
			isa = PBXGroup;
			children = (
				B062E006166F731F00F70D15 /* helpPage@2x.png */,
				B062E007166F732F00F70D15 /* helpPage.png */,
				B062E002166F27CA00F70D15 /* like@2x.png */,
				B062E003166F27D900F70D15 /* like.png */,
				B04699FE166C5DC1001A96B9 /* email.png */,
				B04699FF166C5DC2001A96B9 /* email@2x.png */,
				B0469A00166C5DC2001A96B9 /* map.png */,
				B0469A01166C5DC2001A96B9 /* map@2x.png */,
				B0469A02166C5DC2001A96B9 /* phone.png */,
				B0469A03166C5DC3001A96B9 /* phone@2x.png */,
				B0469A04166C5DC3001A96B9 /* web.png */,
				B0469A05166C5DC3001A96B9 /* web@2x.png */,
				B04699FA166C4A01001A96B9 /* imageBoundsGray@2x.png */,
				B04699FB166C4A01001A96B9 /* imageBoundsGray.png */,
				B04699F5166C45DB001A96B9 /* imageBoundsWhite@2x.png */,
				B04699F6166C45DB001A96B9 /* imageBoundsWhite.png */,
				B00BA129166AD91E0081A820 /* rowbottom.png */,
				B00BA12A166AD91F0081A820 /* rowbottom@2x.png */,
				B00BA12B166AD9220081A820 /* rowmiddle.png */,
				B00BA12C166AD9240081A820 /* rowmiddle@2x.png */,
				B00BA12D166AD9280081A820 /* rowtop.png */,
				B00BA12E166AD9290081A820 /* rowtop@2x.png */,
				B00BA12F166AD92D0081A820 /* tablebottom.png */,
				B00BA130166AD92E0081A820 /* tablebottom@2x.png */,
				B00BA131166AD9310081A820 /* tabletop.png */,
				B00BA132166AD9340081A820 /* tabletop@2x.png */,
				B00BA12116630E6D0081A820 /* alum.png */,
				B00BA12216630E6D0081A820 /* alum@2x.png */,
				B00BA119166215BA0081A820 /* 2box@2x.png */,
				B00BA11A166215BA0081A820 /* 2box.png */,
				B00BA11B166215BA0081A820 /* 4box@2x.png */,
				B00BA11C166215BB0081A820 /* 4box.png */,
				B00BA10D166212510081A820 /* facebook@2x.png */,
				B00BA10E166212510081A820 /* facebook.png */,
				B00BA10F166212510081A820 /* twitter@2x.png */,
				B00BA110166212520081A820 /* twitter.png */,
				B00BA111166212520081A820 /* signinup@2x.png */,
				B00BA112166212530081A820 /* signinup.png */,
				B00BA1031661C3880081A820 /* contact@2x.png */,
				B00BA1041661C3880081A820 /* contact.png */,
				B00BA1051661C3880081A820 /* rate.png */,
				B00BA1061661C3880081A820 /* rate@2x.png */,
				B061150C1659E78700DB1246 /* barbigclick@2x.png */,
				B061150D1659E78800DB1246 /* barbigclick.png */,
				B06115081659DED300DB1246 /* barbig@2x.png */,
				B06115091659DED300DB1246 /* barbig.png */,
				B0C145121659A76200A62BAE /* loading@2x.png */,
				B0C145131659A76200A62BAE /* loading.png */,
				B0C145061659A05600A62BAE /* redeemgray@2x.png */,
				B0C145071659A05600A62BAE /* redeemgray.png */,
				B0C145021658FDC800A62BAE /* redeem@2x.png */,
				B0C145031658FDC800A62BAE /* redeem.png */,
				B0C144FA1658FAA500A62BAE /* staroff.png */,
				B0C144FB1658FAA500A62BAE /* staroff@2x.png */,
				B0C144FC1658FAA600A62BAE /* staron.png */,
				B0C144FD1658FAA600A62BAE /* staron@2x.png */,
				B0C144EA1658FA8A00A62BAE /* personoff.png */,
				B0C144EB1658FA8B00A62BAE /* personoff@2x.png */,
				B0C144EC1658FA8B00A62BAE /* personon.png */,
				B0C144ED1658FA8B00A62BAE /* personon@2x.png */,
				B0C144EE1658FA8C00A62BAE /* qroff.png */,
				B0C144EF1658FA8D00A62BAE /* qroff@2x.png */,
				B0C144F01658FA8D00A62BAE /* qron.png */,
				B0C144F11658FA8E00A62BAE /* qron@2x.png */,
				B0C144E21658FA7900A62BAE /* couponoff.png */,
				B0C144E31658FA7900A62BAE /* couponoff@2x.png */,
				B0C144E41658FA7A00A62BAE /* couponon.png */,
				B0C144E51658FA7A00A62BAE /* couponon@2x.png */,
				B0C144DA1658EE8100A62BAE /* helpoff.png */,
				B0C144DB1658EE8100A62BAE /* helpon@2x.png */,
				B0C144DC1658EE8100A62BAE /* helpon.png */,
				B0C144DD1658EE8200A62BAE /* helpoff@2x.png */,
				B0C144CC1658D3DA00A62BAE /* barclicked@2x.png */,
				B0C144CD1658D3DA00A62BAE /* barclicked.png */,
				B015072B1658A96A007FABC2 /* bar@2x.png */,
				B015072C1658A96B007FABC2 /* bar.png */,
				B01507271658A421007FABC2 /* stargray@2x.png */,
				B01507281658A422007FABC2 /* stargray.png */,
				B015071D165065F9007FABC2 /* button@2x.png */,
				B015071E165065F9007FABC2 /* button.png */,
				B0EF569B164F529F00ABF6F2 /* scanbox@2x.png */,
				B0EF5699164F4EEC00ABF6F2 /* scanbox.png */,
				B0E234D9162AABB300DB0DDC /* Icon.png */,
				B0EF5697164F3B4200ABF6F2 /* Icon@2x.png */,
				B0EF5690164F325F00ABF6F2 /* star.png */,
				B0EF568F164F325F00ABF6F2 /* star@2x.png */,
				B0DC9093161904F600F20C78 /* Default.png */,
				B0DC9094161904F600F20C78 /* Default@2x.png */,
				B0DC9092161904F600F20C78 /* Default-568h@2x.png */,
				B00BA126166334D70081A820 /* forgot.png */,
				B00BA125166334D70081A820 /* forgot@2x.png */,
			);
			name = Images;
			sourceTree = "<group>";
		};
		B0DC90BC1619057500F20C78 /* Nibs */ = {
			isa = PBXGroup;
			children = (
				B06114F81659BAB300DB1246 /* PointRewardsViewController.xib */,
				B0EF5679164F294800ABF6F2 /* AccountViewController.xib */,
				B00BA1001660C2900081A820 /* LoggedInAccountViewController.xib */,
				B0DC9099161904F600F20C78 /* ScanViewController.xib */,
				B06364C416224115008557F7 /* RewardsTableViewCell.xib */,
				B0DC9097161904F600F20C78 /* RewardsViewController.xib */,
				B0150719165048D8007FABC2 /* PointRewardsTableViewCell.xib */,
				B0EF567E164F2CE700ABF6F2 /* HelpViewController.xib */,
				B0E234E1163E2BBA00DB0DDC /* DetailViewController.xib */,
				B0C145101659A3B300A62BAE /* LoadMoreTableViewCell.xib */,
				B06114F51659BA5000DB1246 /* PointsTableViewCell.xib */,
				B00BA13F166ADB5D0081A820 /* DetailHeaderCell.xib */,
				B00BA14E166AE8540081A820 /* DetailInfoCell.xib */,
				B0C500BD166B4E43004E26D5 /* DetailDescriptionCell.xib */,
			);
			name = Nibs;
			sourceTree = "<group>";
		};
		B0DC90F116191A2000F20C78 /* ZBarSDK */ = {
			isa = PBXGroup;
			children = (
				B0DC90F216191A2000F20C78 /* Headers */,
				B0DC910916191A2000F20C78 /* libzbar.a */,
				B0DC910A16191A2000F20C78 /* Resources */,
			);
			path = ZBarSDK;
			sourceTree = "<group>";
		};
		B0DC90F216191A2000F20C78 /* Headers */ = {
			isa = PBXGroup;
			children = (
				B0DC90F316191A2000F20C78 /* ZBarSDK */,
			);
			path = Headers;
			sourceTree = "<group>";
		};
		B0DC90F316191A2000F20C78 /* ZBarSDK */ = {
			isa = PBXGroup;
			children = (
				B0DC90F416191A2000F20C78 /* zbar */,
				B0DC90FE16191A2000F20C78 /* zbar.h */,
				B0DC90FF16191A2000F20C78 /* ZBarCameraSimulator.h */,
				B0DC910016191A2000F20C78 /* ZBarCaptureReader.h */,
				B0DC910116191A2000F20C78 /* ZBarHelpController.h */,
				B0DC910216191A2000F20C78 /* ZBarImage.h */,
				B0DC910316191A2000F20C78 /* ZBarImageScanner.h */,
				B0DC910416191A2000F20C78 /* ZBarReaderController.h */,
				B0DC910516191A2000F20C78 /* ZBarReaderView.h */,
				B0DC910616191A2000F20C78 /* ZBarReaderViewController.h */,
				B0DC910716191A2000F20C78 /* ZBarSDK.h */,
				B0DC910816191A2000F20C78 /* ZBarSymbol.h */,
			);
			path = ZBarSDK;
			sourceTree = "<group>";
		};
		B0DC90F416191A2000F20C78 /* zbar */ = {
			isa = PBXGroup;
			children = (
				B0DC90F516191A2000F20C78 /* Decoder.h */,
				B0DC90F616191A2000F20C78 /* Exception.h */,
				B0DC90F716191A2000F20C78 /* Image.h */,
				B0DC90F816191A2000F20C78 /* ImageScanner.h */,
				B0DC90F916191A2000F20C78 /* Processor.h */,
				B0DC90FA16191A2000F20C78 /* Scanner.h */,
				B0DC90FB16191A2000F20C78 /* Symbol.h */,
				B0DC90FC16191A2000F20C78 /* Video.h */,
				B0DC90FD16191A2000F20C78 /* Window.h */,
			);
			path = zbar;
			sourceTree = "<group>";
		};
		B0DC910A16191A2000F20C78 /* Resources */ = {
			isa = PBXGroup;
			children = (
				B0DC910B16191A2000F20C78 /* zbar-back.png */,
				B0DC910C16191A2000F20C78 /* zbar-help.html */,
				B0DC910D16191A2000F20C78 /* zbar-helpicons.png */,
				B0DC910E16191A2000F20C78 /* zbar-samples.png */,
			);
			path = Resources;
			sourceTree = "<group>";
		};
/* End PBXGroup section */

/* Begin PBXNativeTarget section */
		B0DC906C1619048B00F20C78 /* RewardCat */ = {
			isa = PBXNativeTarget;
			buildConfigurationList = B0DC908B1619048B00F20C78 /* Build configuration list for PBXNativeTarget "RewardCat" */;
			buildPhases = (
				B0DC90691619048B00F20C78 /* Sources */,
				B0DC906A1619048B00F20C78 /* Frameworks */,
				B0DC906B1619048B00F20C78 /* Resources */,
			);
			buildRules = (
			);
			dependencies = (
			);
			name = RewardCat;
			productName = Rewards;
			productReference = B0DC906D1619048B00F20C78 /* RewardCat.app */;
			productType = "com.apple.product-type.application";
		};
/* End PBXNativeTarget section */

/* Begin PBXProject section */
		B0DC90641619048B00F20C78 /* Project object */ = {
			isa = PBXProject;
			attributes = {
				LastUpgradeCheck = 0450;
				ORGANIZATIONNAME = "";
			};
			buildConfigurationList = B0DC90671619048B00F20C78 /* Build configuration list for PBXProject "RewardCat" */;
			compatibilityVersion = "Xcode 3.2";
			developmentRegion = English;
			hasScannedForEncodings = 0;
			knownRegions = (
				en,
			);
			mainGroup = B0DC90621619048B00F20C78;
			productRefGroup = B0DC906E1619048B00F20C78 /* Products */;
			projectDirPath = "";
			projectRoot = "";
			targets = (
				B0DC906C1619048B00F20C78 /* RewardCat */,
			);
		};
/* End PBXProject section */

/* Begin PBXResourcesBuildPhase section */
		B0DC906B1619048B00F20C78 /* Resources */ = {
			isa = PBXResourcesBuildPhase;
			buildActionMask = 2147483647;
			files = (
				B0DC90A9161904F600F20C78 /* Default-568h@2x.png in Resources */,
				B0DC90AA161904F600F20C78 /* Default.png in Resources */,
				B0DC90AB161904F600F20C78 /* Default@2x.png in Resources */,
				B0DC90AC161904F600F20C78 /* InfoPlist.strings in Resources */,
				B0DC90AD161904F600F20C78 /* RewardsViewController.xib in Resources */,
				B0DC90AE161904F600F20C78 /* ScanViewController.xib in Resources */,
				B0DC911016191A2000F20C78 /* zbar-back.png in Resources */,
				B0DC911116191A2000F20C78 /* zbar-help.html in Resources */,
				B0DC911216191A2000F20C78 /* zbar-helpicons.png in Resources */,
				B0DC911316191A2000F20C78 /* zbar-samples.png in Resources */,
				B06364C516224115008557F7 /* RewardsTableViewCell.xib in Resources */,
				B0E234DA162AABB300DB0DDC /* Icon.png in Resources */,
				B0E234E3163E2BBA00DB0DDC /* DetailViewController.xib in Resources */,
				B0EF567B164F294800ABF6F2 /* AccountViewController.xib in Resources */,
				B0EF5680164F2CE700ABF6F2 /* HelpViewController.xib in Resources */,
				B0EF5695164F325F00ABF6F2 /* star@2x.png in Resources */,
				B0EF5696164F325F00ABF6F2 /* star.png in Resources */,
				B0EF5698164F3B4200ABF6F2 /* Icon@2x.png in Resources */,
				B0EF569A164F4EEC00ABF6F2 /* scanbox.png in Resources */,
				B0EF569C164F52A000ABF6F2 /* scanbox@2x.png in Resources */,
				B015071A165048D8007FABC2 /* PointRewardsTableViewCell.xib in Resources */,
				B0150721165065F9007FABC2 /* button@2x.png in Resources */,
				B0150722165065F9007FABC2 /* button.png in Resources */,
				B01507291658A422007FABC2 /* stargray@2x.png in Resources */,
				B015072A1658A422007FABC2 /* stargray.png in Resources */,
				B015072D1658A96D007FABC2 /* bar@2x.png in Resources */,
				B015072E1658A96D007FABC2 /* bar.png in Resources */,
				B0C144CE1658D3DA00A62BAE /* barclicked@2x.png in Resources */,
				B0C144CF1658D3DA00A62BAE /* barclicked.png in Resources */,
				B0C144DE1658EE8200A62BAE /* helpoff.png in Resources */,
				B0C144DF1658EE8200A62BAE /* helpon@2x.png in Resources */,
				B0C144E01658EE8200A62BAE /* helpon.png in Resources */,
				B0C144E11658EE8200A62BAE /* helpoff@2x.png in Resources */,
				B0C144E61658FA7B00A62BAE /* couponoff.png in Resources */,
				B0C144E71658FA7B00A62BAE /* couponoff@2x.png in Resources */,
				B0C144E81658FA7B00A62BAE /* couponon.png in Resources */,
				B0C144E91658FA7B00A62BAE /* couponon@2x.png in Resources */,
				B0C144F21658FA8E00A62BAE /* personoff.png in Resources */,
				B0C144F31658FA8E00A62BAE /* personoff@2x.png in Resources */,
				B0C144F41658FA8E00A62BAE /* personon.png in Resources */,
				B0C144F51658FA8E00A62BAE /* personon@2x.png in Resources */,
				B0C144F61658FA8E00A62BAE /* qroff.png in Resources */,
				B0C144F71658FA8E00A62BAE /* qroff@2x.png in Resources */,
				B0C144F81658FA8E00A62BAE /* qron.png in Resources */,
				B0C144F91658FA8E00A62BAE /* qron@2x.png in Resources */,
				B0C144FE1658FAA700A62BAE /* staroff.png in Resources */,
				B0C144FF1658FAA700A62BAE /* staroff@2x.png in Resources */,
				B0C145001658FAA700A62BAE /* staron.png in Resources */,
				B0C145011658FAA700A62BAE /* staron@2x.png in Resources */,
				B0C145041658FDC800A62BAE /* redeem@2x.png in Resources */,
				B0C145051658FDC800A62BAE /* redeem.png in Resources */,
				B0C145081659A05600A62BAE /* redeemgray@2x.png in Resources */,
				B0C145091659A05600A62BAE /* redeemgray.png in Resources */,
				B0C145111659A3B300A62BAE /* LoadMoreTableViewCell.xib in Resources */,
				B0C145141659A76200A62BAE /* loading@2x.png in Resources */,
				B0C145151659A76200A62BAE /* loading.png in Resources */,
				B06114F61659BA5000DB1246 /* PointsTableViewCell.xib in Resources */,
				B06114F91659BAB300DB1246 /* PointRewardsViewController.xib in Resources */,
				B061150A1659DED400DB1246 /* barbig@2x.png in Resources */,
				B061150B1659DED400DB1246 /* barbig.png in Resources */,
				B061150E1659E78800DB1246 /* barbigclick@2x.png in Resources */,
				B061150F1659E78800DB1246 /* barbigclick.png in Resources */,
				B00BA1021660C2920081A820 /* LoggedInAccountViewController.xib in Resources */,
				B00BA1071661C3880081A820 /* contact@2x.png in Resources */,
				B00BA1081661C3880081A820 /* contact.png in Resources */,
				B00BA1091661C3880081A820 /* rate.png in Resources */,
				B00BA10A1661C3880081A820 /* rate@2x.png in Resources */,
				B00BA113166212530081A820 /* facebook@2x.png in Resources */,
				B00BA114166212530081A820 /* facebook.png in Resources */,
				B00BA115166212530081A820 /* twitter@2x.png in Resources */,
				B00BA116166212530081A820 /* twitter.png in Resources */,
				B00BA117166212530081A820 /* signinup@2x.png in Resources */,
				B00BA118166212530081A820 /* signinup.png in Resources */,
				B00BA11D166215BB0081A820 /* 2box@2x.png in Resources */,
				B00BA11E166215BB0081A820 /* 2box.png in Resources */,
				B00BA11F166215BB0081A820 /* 4box@2x.png in Resources */,
				B00BA120166215BB0081A820 /* 4box.png in Resources */,
				B00BA12316630E6E0081A820 /* alum.png in Resources */,
				B00BA12416630E6E0081A820 /* alum@2x.png in Resources */,
				B00BA127166334D80081A820 /* forgot@2x.png in Resources */,
				B00BA128166334D80081A820 /* forgot.png in Resources */,
				B00BA133166AD9350081A820 /* rowbottom.png in Resources */,
				B00BA134166AD9350081A820 /* rowbottom@2x.png in Resources */,
				B00BA135166AD9350081A820 /* rowmiddle.png in Resources */,
				B00BA136166AD9350081A820 /* rowmiddle@2x.png in Resources */,
				B00BA137166AD9350081A820 /* rowtop.png in Resources */,
				B00BA138166AD9350081A820 /* rowtop@2x.png in Resources */,
				B00BA139166AD9350081A820 /* tablebottom.png in Resources */,
				B00BA13A166AD9350081A820 /* tablebottom@2x.png in Resources */,
				B00BA13B166AD9350081A820 /* tabletop.png in Resources */,
				B00BA13C166AD9350081A820 /* tabletop@2x.png in Resources */,
				B00BA140166ADB5E0081A820 /* DetailHeaderCell.xib in Resources */,
				B00BA14F166AE8540081A820 /* DetailInfoCell.xib in Resources */,
				B0C500BE166B4E43004E26D5 /* DetailDescriptionCell.xib in Resources */,
				B04699F7166C45DB001A96B9 /* imageBoundsWhite@2x.png in Resources */,
				B04699F8166C45DB001A96B9 /* imageBoundsWhite.png in Resources */,
				B04699FC166C4A02001A96B9 /* imageBoundsGray@2x.png in Resources */,
				B04699FD166C4A02001A96B9 /* imageBoundsGray.png in Resources */,
				B0469A06166C5DC3001A96B9 /* email.png in Resources */,
				B0469A07166C5DC3001A96B9 /* email@2x.png in Resources */,
				B0469A08166C5DC3001A96B9 /* map.png in Resources */,
				B0469A09166C5DC3001A96B9 /* map@2x.png in Resources */,
				B0469A0A166C5DC3001A96B9 /* phone.png in Resources */,
				B0469A0B166C5DC3001A96B9 /* phone@2x.png in Resources */,
				B0469A0C166C5DC3001A96B9 /* web.png in Resources */,
				B0469A0D166C5DC3001A96B9 /* web@2x.png in Resources */,
				B062E004166F27EA00F70D15 /* like@2x.png in Resources */,
				B062E005166F27EA00F70D15 /* like.png in Resources */,
				B062E008166F734600F70D15 /* helpPage@2x.png in Resources */,
				B062E009166F734600F70D15 /* helpPage.png in Resources */,
			);
			runOnlyForDeploymentPostprocessing = 0;
		};
/* End PBXResourcesBuildPhase section */

/* Begin PBXSourcesBuildPhase section */
		B0DC90691619048B00F20C78 /* Sources */ = {
			isa = PBXSourcesBuildPhase;
			buildActionMask = 2147483647;
			files = (
				B0DC90A8161904F600F20C78 /* AppDelegate.m in Sources */,
				B0DC90B1161904F600F20C78 /* main.m in Sources */,
				B0DC90B3161904F600F20C78 /* RewardsTableViewController.m in Sources */,
				B0DC90B4161904F600F20C78 /* RewardsViewController.m in Sources */,
				B0DC90B5161904F600F20C78 /* ScanViewController.m in Sources */,
				B06364C81622421F008557F7 /* RewardsTableViewCell.m in Sources */,
				B0E234E2163E2BBA00DB0DDC /* DetailViewController.m in Sources */,
				B0EF5668164F113A00ABF6F2 /* PointRewardsViewController.m in Sources */,
				B0EF566C164F195F00ABF6F2 /* PointRewardsTableViewController.m in Sources */,
				B0EF567A164F294800ABF6F2 /* AccountViewController.m in Sources */,
				B0EF567F164F2CE700ABF6F2 /* HelpViewController.m in Sources */,
				B0C8CF07164FA39500D0753C /* Reachability.m in Sources */,
				B0150717165030EE007FABC2 /* PointRewardsTableViewCell.m in Sources */,
				B0C144D61658E42300A62BAE /* RewardCatTabBarController.m in Sources */,
				B0C144D91658E5B100A62BAE /* RewardCatViewController.m in Sources */,
				B0C1450F1659A39200A62BAE /* LoadMoreTableViewCell.m in Sources */,
				B06114FF1659BB8C00DB1246 /* PointsTableViewCell.m in Sources */,
				B00BA0F816607D100081A820 /* SignUpLogInViewController.m in Sources */,
				B00BA0FD16609B5B0081A820 /* SignUpViewController.m in Sources */,
				B00BA1011660C2920081A820 /* LoggedInAccountViewController.m in Sources */,
				B00BA14D166AE4BD0081A820 /* DetailHeaderCell.m in Sources */,
				B00BA152166AE9C40081A820 /* DetailInfoCell.m in Sources */,
				B0C500BC166B4E27004E26D5 /* DetailDescriptionCell.m in Sources */,
				B0469A11166CB052001A96B9 /* GameUtils.m in Sources */,
			);
			runOnlyForDeploymentPostprocessing = 0;
		};
/* End PBXSourcesBuildPhase section */

/* Begin PBXVariantGroup section */
		B0DC9095161904F600F20C78 /* InfoPlist.strings */ = {
			isa = PBXVariantGroup;
			children = (
				B0DC9096161904F600F20C78 /* en */,
			);
			name = InfoPlist.strings;
			sourceTree = "<group>";
		};
		B0DC9097161904F600F20C78 /* RewardsViewController.xib */ = {
			isa = PBXVariantGroup;
			children = (
				B0DC9098161904F600F20C78 /* en */,
			);
			name = RewardsViewController.xib;
			sourceTree = "<group>";
		};
		B0DC9099161904F600F20C78 /* ScanViewController.xib */ = {
			isa = PBXVariantGroup;
			children = (
				B0DC909A161904F600F20C78 /* en */,
			);
			name = ScanViewController.xib;
			sourceTree = "<group>";
		};
/* End PBXVariantGroup section */

/* Begin XCBuildConfiguration section */
		B062E00A166F828200F70D15 /* AppStore */ = {
			isa = XCBuildConfiguration;
			buildSettings = {
				ALWAYS_SEARCH_USER_PATHS = NO;
				CLANG_CXX_LANGUAGE_STANDARD = "gnu++0x";
				CLANG_CXX_LIBRARY = "libc++";
				CLANG_WARN_EMPTY_BODY = YES;
				CLANG_WARN__DUPLICATE_METHOD_MATCH = YES;
				CODE_SIGN_IDENTITY = "";
				"CODE_SIGN_IDENTITY[sdk=iphoneos*]" = "iPhone Distribution";
				COPY_PHASE_STRIP = YES;
				GCC_C_LANGUAGE_STANDARD = gnu99;
				GCC_WARN_ABOUT_RETURN_TYPE = YES;
				GCC_WARN_UNINITIALIZED_AUTOS = YES;
				GCC_WARN_UNUSED_VARIABLE = YES;
				IPHONEOS_DEPLOYMENT_TARGET = 4.3;
				ONLY_ACTIVE_ARCH = YES;
				OTHER_CFLAGS = "-DNS_BLOCK_ASSERTIONS=1";
				"PROVISIONING_PROFILE[sdk=iphoneos*]" = "";
				SDKROOT = iphoneos;
				VALIDATE_PRODUCT = YES;
			};
			name = AppStore;
		};
		B062E00B166F828200F70D15 /* AppStore */ = {
			isa = XCBuildConfiguration;
			buildSettings = {
				FRAMEWORK_SEARCH_PATHS = (
					"$(inherited)",
					"\"$(SRCROOT)\"",
				);
				GCC_PRECOMPILE_PREFIX_HEADER = YES;
				GCC_PREFIX_HEADER = "Rewards/RewardCat-Prefix.pch";
				INFOPLIST_FILE = "Rewards/RewardCat-Info.plist";
				IPHONEOS_DEPLOYMENT_TARGET = 4.3;
				LIBRARY_SEARCH_PATHS = (
					"$(inherited)",
					"\"$(SRCROOT)/ZBarSDK\"",
					"\"$(SRCROOT)/Flurry\"",
				);
				ONLY_ACTIVE_ARCH = YES;
				PRODUCT_NAME = RewardCat;
				TARGETED_DEVICE_FAMILY = 1;
				WRAPPER_EXTENSION = app;
			};
			name = AppStore;
		};
		B0DC90891619048B00F20C78 /* Debug */ = {
			isa = XCBuildConfiguration;
			buildSettings = {
				ALWAYS_SEARCH_USER_PATHS = NO;
				CLANG_CXX_LANGUAGE_STANDARD = "gnu++0x";
				CLANG_CXX_LIBRARY = "libc++";
				CLANG_WARN_EMPTY_BODY = YES;
				CLANG_WARN__DUPLICATE_METHOD_MATCH = YES;
				CODE_SIGN_IDENTITY = "";
				"CODE_SIGN_IDENTITY[sdk=iphoneos*]" = "iPhone Developer";
				COPY_PHASE_STRIP = NO;
				GCC_C_LANGUAGE_STANDARD = gnu99;
				GCC_DYNAMIC_NO_PIC = NO;
				GCC_OPTIMIZATION_LEVEL = 0;
				GCC_PREPROCESSOR_DEFINITIONS = (
					"DEBUG=1",
					"$(inherited)",
				);
				GCC_SYMBOLS_PRIVATE_EXTERN = NO;
				GCC_WARN_ABOUT_RETURN_TYPE = YES;
				GCC_WARN_UNINITIALIZED_AUTOS = YES;
				GCC_WARN_UNUSED_VARIABLE = YES;
				IPHONEOS_DEPLOYMENT_TARGET = 4.3;
				ONLY_ACTIVE_ARCH = YES;
				SDKROOT = iphoneos;
			};
			name = Debug;
		};
		B0DC908A1619048B00F20C78 /* Release */ = {
			isa = XCBuildConfiguration;
			buildSettings = {
				ALWAYS_SEARCH_USER_PATHS = NO;
				CLANG_CXX_LANGUAGE_STANDARD = "gnu++0x";
				CLANG_CXX_LIBRARY = "libc++";
				CLANG_WARN_EMPTY_BODY = YES;
				CLANG_WARN__DUPLICATE_METHOD_MATCH = YES;
				CODE_SIGN_IDENTITY = "";
				"CODE_SIGN_IDENTITY[sdk=iphoneos*]" = "iPhone Developer";
				COPY_PHASE_STRIP = YES;
				GCC_C_LANGUAGE_STANDARD = gnu99;
				GCC_WARN_ABOUT_RETURN_TYPE = YES;
				GCC_WARN_UNINITIALIZED_AUTOS = YES;
				GCC_WARN_UNUSED_VARIABLE = YES;
				IPHONEOS_DEPLOYMENT_TARGET = 4.3;
				ONLY_ACTIVE_ARCH = YES;
				OTHER_CFLAGS = "-DNS_BLOCK_ASSERTIONS=1";
				SDKROOT = iphoneos;
				VALIDATE_PRODUCT = YES;
			};
			name = Release;
		};
		B0DC908C1619048B00F20C78 /* Debug */ = {
			isa = XCBuildConfiguration;
			buildSettings = {
				FRAMEWORK_SEARCH_PATHS = (
					"$(inherited)",
					"\"$(SRCROOT)\"",
				);
				GCC_PRECOMPILE_PREFIX_HEADER = YES;
				GCC_PREFIX_HEADER = "Rewards/RewardCat-Prefix.pch";
				INFOPLIST_FILE = "Rewards/RewardCat-Info.plist";
				IPHONEOS_DEPLOYMENT_TARGET = 4.3;
				LIBRARY_SEARCH_PATHS = (
					"$(inherited)",
					"\"$(SRCROOT)/ZBarSDK\"",
					"\"$(SRCROOT)/Flurry\"",
				);
				ONLY_ACTIVE_ARCH = YES;
				PRODUCT_NAME = RewardCat;
				TARGETED_DEVICE_FAMILY = 1;
				WRAPPER_EXTENSION = app;
			};
			name = Debug;
		};
		B0DC908D1619048B00F20C78 /* Release */ = {
			isa = XCBuildConfiguration;
			buildSettings = {
				FRAMEWORK_SEARCH_PATHS = (
					"$(inherited)",
					"\"$(SRCROOT)\"",
				);
				GCC_PRECOMPILE_PREFIX_HEADER = YES;
				GCC_PREFIX_HEADER = "Rewards/RewardCat-Prefix.pch";
				INFOPLIST_FILE = "Rewards/RewardCat-Info.plist";
				IPHONEOS_DEPLOYMENT_TARGET = 4.3;
				LIBRARY_SEARCH_PATHS = (
					"$(inherited)",
					"\"$(SRCROOT)/ZBarSDK\"",
					"\"$(SRCROOT)/Flurry\"",
				);
				ONLY_ACTIVE_ARCH = YES;
				PRODUCT_NAME = RewardCat;
				TARGETED_DEVICE_FAMILY = 1;
				VALIDATE_PRODUCT = NO;
				WRAPPER_EXTENSION = app;
			};
			name = Release;
		};
/* End XCBuildConfiguration section */

/* Begin XCConfigurationList section */
		B0DC90671619048B00F20C78 /* Build configuration list for PBXProject "RewardCat" */ = {
			isa = XCConfigurationList;
			buildConfigurations = (
				B0DC90891619048B00F20C78 /* Debug */,
				B0DC908A1619048B00F20C78 /* Release */,
				B062E00A166F828200F70D15 /* AppStore */,
			);
			defaultConfigurationIsVisible = 0;
			defaultConfigurationName = Release;
		};
		B0DC908B1619048B00F20C78 /* Build configuration list for PBXNativeTarget "RewardCat" */ = {
			isa = XCConfigurationList;
			buildConfigurations = (
				B0DC908C1619048B00F20C78 /* Debug */,
				B0DC908D1619048B00F20C78 /* Release */,
				B062E00B166F828200F70D15 /* AppStore */,
			);
			defaultConfigurationIsVisible = 0;
			defaultConfigurationName = Release;
		};
/* End XCConfigurationList section */
	};
	rootObject = B0DC90641619048B00F20C78 /* Project object */;
}
