// !$*UTF8*$!
{
	archiveVersion = 1;
	classes = {
	};
	objectVersion = 46;
	objects = {

/* Begin PBXBuildFile section */
		B0DC90721619048B00F20C78 /* UIKit.framework in Frameworks */ = {isa = PBXBuildFile; fileRef = B0DC90711619048B00F20C78 /* UIKit.framework */; };
		B0DC90741619048B00F20C78 /* Foundation.framework in Frameworks */ = {isa = PBXBuildFile; fileRef = B0DC90731619048B00F20C78 /* Foundation.framework */; };
		B0DC90761619048B00F20C78 /* CoreGraphics.framework in Frameworks */ = {isa = PBXBuildFile; fileRef = B0DC90751619048B00F20C78 /* CoreGraphics.framework */; };
		B0DC90A8161904F600F20C78 /* AppDelegate.m in Sources */ = {isa = PBXBuildFile; fileRef = B0DC9091161904F600F20C78 /* AppDelegate.m */; };
		B0DC90A9161904F600F20C78 /* Default-568h@2x.png in Resources */ = {isa = PBXBuildFile; fileRef = B0DC9092161904F600F20C78 /* Default-568h@2x.png */; };
		B0DC90AA161904F600F20C78 /* Default.png in Resources */ = {isa = PBXBuildFile; fileRef = B0DC9093161904F600F20C78 /* Default.png */; };
		B0DC90AB161904F600F20C78 /* Default@2x.png in Resources */ = {isa = PBXBuildFile; fileRef = B0DC9094161904F600F20C78 /* Default@2x.png */; };
		B0DC90AC161904F600F20C78 /* InfoPlist.strings in Resources */ = {isa = PBXBuildFile; fileRef = B0DC9095161904F600F20C78 /* InfoPlist.strings */; };
		B0DC90AD161904F600F20C78 /* RewardsViewController.xib in Resources */ = {isa = PBXBuildFile; fileRef = B0DC9097161904F600F20C78 /* RewardsViewController.xib */; };
		B0DC90AE161904F600F20C78 /* ScanViewController.xib in Resources */ = {isa = PBXBuildFile; fileRef = B0DC9099161904F600F20C78 /* ScanViewController.xib */; };
		B0DC90AF161904F600F20C78 /* first.png in Resources */ = {isa = PBXBuildFile; fileRef = B0DC909B161904F600F20C78 /* first.png */; };
		B0DC90B0161904F600F20C78 /* first@2x.png in Resources */ = {isa = PBXBuildFile; fileRef = B0DC909C161904F600F20C78 /* first@2x.png */; };
		B0DC90B1161904F600F20C78 /* main.m in Sources */ = {isa = PBXBuildFile; fileRef = B0DC909D161904F600F20C78 /* main.m */; };
		B0DC90B2161904F600F20C78 /* Rewards-Info.plist in Resources */ = {isa = PBXBuildFile; fileRef = B0DC909E161904F600F20C78 /* Rewards-Info.plist */; };
		B0DC90B3161904F600F20C78 /* RewardsTableViewController.m in Sources */ = {isa = PBXBuildFile; fileRef = B0DC90A1161904F600F20C78 /* RewardsTableViewController.m */; };
		B0DC90B4161904F600F20C78 /* RewardsViewController.m in Sources */ = {isa = PBXBuildFile; fileRef = B0DC90A3161904F600F20C78 /* RewardsViewController.m */; };
		B0DC90B5161904F600F20C78 /* ScanViewController.m in Sources */ = {isa = PBXBuildFile; fileRef = B0DC90A5161904F600F20C78 /* ScanViewController.m */; };
		B0DC90B6161904F600F20C78 /* second.png in Resources */ = {isa = PBXBuildFile; fileRef = B0DC90A6161904F600F20C78 /* second.png */; };
		B0DC90B7161904F600F20C78 /* second@2x.png in Resources */ = {isa = PBXBuildFile; fileRef = B0DC90A7161904F600F20C78 /* second@2x.png */; };
		B0DC90C0161909F100F20C78 /* RewardModel.m in Sources */ = {isa = PBXBuildFile; fileRef = B0DC90BF161909F100F20C78 /* RewardModel.m */; };
		B0DC90C316190D3400F20C78 /* RewardTableModel.m in Sources */ = {isa = PBXBuildFile; fileRef = B0DC90C216190D3400F20C78 /* RewardTableModel.m */; };
		B0DC90C6161912CB00F20C78 /* UserModel.m in Sources */ = {isa = PBXBuildFile; fileRef = B0DC90C5161912CB00F20C78 /* UserModel.m */; };
		B0DC90CC161916A500F20C78 /* AdSupport.framework in Frameworks */ = {isa = PBXBuildFile; fileRef = B0DC90CB161916A500F20C78 /* AdSupport.framework */; settings = {ATTRIBUTES = (Weak, ); }; };
		B0DC90CE1619173000F20C78 /* Social.framework in Frameworks */ = {isa = PBXBuildFile; fileRef = B0DC90CD1619173000F20C78 /* Social.framework */; settings = {ATTRIBUTES = (Weak, ); }; };
		B0DC90D0161917FA00F20C78 /* Accounts.framework in Frameworks */ = {isa = PBXBuildFile; fileRef = B0DC90CF161917FA00F20C78 /* Accounts.framework */; settings = {ATTRIBUTES = (Weak, ); }; };
		B0DC90D21619182600F20C78 /* libsqlite3.dylib in Frameworks */ = {isa = PBXBuildFile; fileRef = B0DC90D11619182600F20C78 /* libsqlite3.dylib */; };
		B0DC90D41619183D00F20C78 /* StoreKit.framework in Frameworks */ = {isa = PBXBuildFile; fileRef = B0DC90D31619183D00F20C78 /* StoreKit.framework */; };
		B0DC90D61619185C00F20C78 /* QuartzCore.framework in Frameworks */ = {isa = PBXBuildFile; fileRef = B0DC90D51619185C00F20C78 /* QuartzCore.framework */; };
		B0DC90D81619186A00F20C78 /* libz.1.1.3.dylib in Frameworks */ = {isa = PBXBuildFile; fileRef = B0DC90D71619186A00F20C78 /* libz.1.1.3.dylib */; };
		B0DC90DA1619187F00F20C78 /* Security.framework in Frameworks */ = {isa = PBXBuildFile; fileRef = B0DC90D91619187F00F20C78 /* Security.framework */; };
		B0DC90DC1619188A00F20C78 /* AudioToolbox.framework in Frameworks */ = {isa = PBXBuildFile; fileRef = B0DC90DB1619188A00F20C78 /* AudioToolbox.framework */; };
		B0DC90DE1619189300F20C78 /* MobileCoreServices.framework in Frameworks */ = {isa = PBXBuildFile; fileRef = B0DC90DD1619189300F20C78 /* MobileCoreServices.framework */; };
		B0DC90E01619189A00F20C78 /* SystemConfiguration.framework in Frameworks */ = {isa = PBXBuildFile; fileRef = B0DC90DF1619189A00F20C78 /* SystemConfiguration.framework */; };
		B0DC90E2161918AE00F20C78 /* CFNetwork.framework in Frameworks */ = {isa = PBXBuildFile; fileRef = B0DC90E1161918AE00F20C78 /* CFNetwork.framework */; };
		B0DC90E41619191C00F20C78 /* Parse.framework in Frameworks */ = {isa = PBXBuildFile; fileRef = B0DC90E31619191C00F20C78 /* Parse.framework */; };
/* End PBXBuildFile section */

/* Begin PBXFileReference section */
		B0DC906D1619048B00F20C78 /* Rewards.app */ = {isa = PBXFileReference; explicitFileType = wrapper.application; includeInIndex = 0; path = Rewards.app; sourceTree = BUILT_PRODUCTS_DIR; };
		B0DC90711619048B00F20C78 /* UIKit.framework */ = {isa = PBXFileReference; lastKnownFileType = wrapper.framework; name = UIKit.framework; path = System/Library/Frameworks/UIKit.framework; sourceTree = SDKROOT; };
		B0DC90731619048B00F20C78 /* Foundation.framework */ = {isa = PBXFileReference; lastKnownFileType = wrapper.framework; name = Foundation.framework; path = System/Library/Frameworks/Foundation.framework; sourceTree = SDKROOT; };
		B0DC90751619048B00F20C78 /* CoreGraphics.framework */ = {isa = PBXFileReference; lastKnownFileType = wrapper.framework; name = CoreGraphics.framework; path = System/Library/Frameworks/CoreGraphics.framework; sourceTree = SDKROOT; };
		B0DC9090161904F600F20C78 /* AppDelegate.h */ = {isa = PBXFileReference; fileEncoding = 4; lastKnownFileType = sourcecode.c.h; path = AppDelegate.h; sourceTree = "<group>"; };
		B0DC9091161904F600F20C78 /* AppDelegate.m */ = {isa = PBXFileReference; fileEncoding = 4; lastKnownFileType = sourcecode.c.objc; path = AppDelegate.m; sourceTree = "<group>"; };
		B0DC9092161904F600F20C78 /* Default-568h@2x.png */ = {isa = PBXFileReference; lastKnownFileType = image.png; path = "Default-568h@2x.png"; sourceTree = "<group>"; };
		B0DC9093161904F600F20C78 /* Default.png */ = {isa = PBXFileReference; lastKnownFileType = image.png; path = Default.png; sourceTree = "<group>"; };
		B0DC9094161904F600F20C78 /* Default@2x.png */ = {isa = PBXFileReference; lastKnownFileType = image.png; path = "Default@2x.png"; sourceTree = "<group>"; };
		B0DC9096161904F600F20C78 /* en */ = {isa = PBXFileReference; lastKnownFileType = text.plist.strings; name = en; path = en.lproj/InfoPlist.strings; sourceTree = "<group>"; };
		B0DC9098161904F600F20C78 /* en */ = {isa = PBXFileReference; lastKnownFileType = file.xib; name = en; path = en.lproj/RewardsViewController.xib; sourceTree = "<group>"; };
		B0DC909A161904F600F20C78 /* en */ = {isa = PBXFileReference; lastKnownFileType = file.xib; name = en; path = en.lproj/ScanViewController.xib; sourceTree = "<group>"; };
		B0DC909B161904F600F20C78 /* first.png */ = {isa = PBXFileReference; lastKnownFileType = image.png; path = first.png; sourceTree = "<group>"; };
		B0DC909C161904F600F20C78 /* first@2x.png */ = {isa = PBXFileReference; lastKnownFileType = image.png; path = "first@2x.png"; sourceTree = "<group>"; };
		B0DC909D161904F600F20C78 /* main.m */ = {isa = PBXFileReference; fileEncoding = 4; lastKnownFileType = sourcecode.c.objc; path = main.m; sourceTree = "<group>"; };
		B0DC909E161904F600F20C78 /* Rewards-Info.plist */ = {isa = PBXFileReference; fileEncoding = 4; lastKnownFileType = text.plist.xml; path = "Rewards-Info.plist"; sourceTree = "<group>"; };
		B0DC909F161904F600F20C78 /* Rewards-Prefix.pch */ = {isa = PBXFileReference; fileEncoding = 4; lastKnownFileType = sourcecode.c.h; path = "Rewards-Prefix.pch"; sourceTree = "<group>"; };
		B0DC90A0161904F600F20C78 /* RewardsTableViewController.h */ = {isa = PBXFileReference; fileEncoding = 4; lastKnownFileType = sourcecode.c.h; path = RewardsTableViewController.h; sourceTree = "<group>"; };
		B0DC90A1161904F600F20C78 /* RewardsTableViewController.m */ = {isa = PBXFileReference; fileEncoding = 4; lastKnownFileType = sourcecode.c.objc; path = RewardsTableViewController.m; sourceTree = "<group>"; };
		B0DC90A2161904F600F20C78 /* RewardsViewController.h */ = {isa = PBXFileReference; fileEncoding = 4; lastKnownFileType = sourcecode.c.h; path = RewardsViewController.h; sourceTree = "<group>"; };
		B0DC90A3161904F600F20C78 /* RewardsViewController.m */ = {isa = PBXFileReference; fileEncoding = 4; lastKnownFileType = sourcecode.c.objc; path = RewardsViewController.m; sourceTree = "<group>"; };
		B0DC90A4161904F600F20C78 /* ScanViewController.h */ = {isa = PBXFileReference; fileEncoding = 4; lastKnownFileType = sourcecode.c.h; path = ScanViewController.h; sourceTree = "<group>"; };
		B0DC90A5161904F600F20C78 /* ScanViewController.m */ = {isa = PBXFileReference; fileEncoding = 4; lastKnownFileType = sourcecode.c.objc; path = ScanViewController.m; sourceTree = "<group>"; };
		B0DC90A6161904F600F20C78 /* second.png */ = {isa = PBXFileReference; lastKnownFileType = image.png; path = second.png; sourceTree = "<group>"; };
		B0DC90A7161904F600F20C78 /* second@2x.png */ = {isa = PBXFileReference; lastKnownFileType = image.png; path = "second@2x.png"; sourceTree = "<group>"; };
		B0DC90BE161909F100F20C78 /* RewardModel.h */ = {isa = PBXFileReference; fileEncoding = 4; lastKnownFileType = sourcecode.c.h; path = RewardModel.h; sourceTree = "<group>"; };
		B0DC90BF161909F100F20C78 /* RewardModel.m */ = {isa = PBXFileReference; fileEncoding = 4; lastKnownFileType = sourcecode.c.objc; path = RewardModel.m; sourceTree = "<group>"; };
		B0DC90C116190D3400F20C78 /* RewardTableModel.h */ = {isa = PBXFileReference; fileEncoding = 4; lastKnownFileType = sourcecode.c.h; path = RewardTableModel.h; sourceTree = "<group>"; };
		B0DC90C216190D3400F20C78 /* RewardTableModel.m */ = {isa = PBXFileReference; fileEncoding = 4; lastKnownFileType = sourcecode.c.objc; path = RewardTableModel.m; sourceTree = "<group>"; };
		B0DC90C4161912CB00F20C78 /* UserModel.h */ = {isa = PBXFileReference; fileEncoding = 4; lastKnownFileType = sourcecode.c.h; path = UserModel.h; sourceTree = "<group>"; };
		B0DC90C5161912CB00F20C78 /* UserModel.m */ = {isa = PBXFileReference; fileEncoding = 4; lastKnownFileType = sourcecode.c.objc; path = UserModel.m; sourceTree = "<group>"; };
		B0DC90CB161916A500F20C78 /* AdSupport.framework */ = {isa = PBXFileReference; lastKnownFileType = wrapper.framework; name = AdSupport.framework; path = System/Library/Frameworks/AdSupport.framework; sourceTree = SDKROOT; };
		B0DC90CD1619173000F20C78 /* Social.framework */ = {isa = PBXFileReference; lastKnownFileType = wrapper.framework; name = Social.framework; path = System/Library/Frameworks/Social.framework; sourceTree = SDKROOT; };
		B0DC90CF161917FA00F20C78 /* Accounts.framework */ = {isa = PBXFileReference; lastKnownFileType = wrapper.framework; name = Accounts.framework; path = System/Library/Frameworks/Accounts.framework; sourceTree = SDKROOT; };
		B0DC90D11619182600F20C78 /* libsqlite3.dylib */ = {isa = PBXFileReference; lastKnownFileType = "compiled.mach-o.dylib"; name = libsqlite3.dylib; path = usr/lib/libsqlite3.dylib; sourceTree = SDKROOT; };
		B0DC90D31619183D00F20C78 /* StoreKit.framework */ = {isa = PBXFileReference; lastKnownFileType = wrapper.framework; name = StoreKit.framework; path = System/Library/Frameworks/StoreKit.framework; sourceTree = SDKROOT; };
		B0DC90D51619185C00F20C78 /* QuartzCore.framework */ = {isa = PBXFileReference; lastKnownFileType = wrapper.framework; name = QuartzCore.framework; path = System/Library/Frameworks/QuartzCore.framework; sourceTree = SDKROOT; };
		B0DC90D71619186A00F20C78 /* libz.1.1.3.dylib */ = {isa = PBXFileReference; lastKnownFileType = "compiled.mach-o.dylib"; name = libz.1.1.3.dylib; path = usr/lib/libz.1.1.3.dylib; sourceTree = SDKROOT; };
		B0DC90D91619187F00F20C78 /* Security.framework */ = {isa = PBXFileReference; lastKnownFileType = wrapper.framework; name = Security.framework; path = System/Library/Frameworks/Security.framework; sourceTree = SDKROOT; };
		B0DC90DB1619188A00F20C78 /* AudioToolbox.framework */ = {isa = PBXFileReference; lastKnownFileType = wrapper.framework; name = AudioToolbox.framework; path = System/Library/Frameworks/AudioToolbox.framework; sourceTree = SDKROOT; };
		B0DC90DD1619189300F20C78 /* MobileCoreServices.framework */ = {isa = PBXFileReference; lastKnownFileType = wrapper.framework; name = MobileCoreServices.framework; path = System/Library/Frameworks/MobileCoreServices.framework; sourceTree = SDKROOT; };
		B0DC90DF1619189A00F20C78 /* SystemConfiguration.framework */ = {isa = PBXFileReference; lastKnownFileType = wrapper.framework; name = SystemConfiguration.framework; path = System/Library/Frameworks/SystemConfiguration.framework; sourceTree = SDKROOT; };
		B0DC90E1161918AE00F20C78 /* CFNetwork.framework */ = {isa = PBXFileReference; lastKnownFileType = wrapper.framework; name = CFNetwork.framework; path = System/Library/Frameworks/CFNetwork.framework; sourceTree = SDKROOT; };
		B0DC90E31619191C00F20C78 /* Parse.framework */ = {isa = PBXFileReference; lastKnownFileType = wrapper.framework; path = Parse.framework; sourceTree = "<group>"; };
/* End PBXFileReference section */

/* Begin PBXFrameworksBuildPhase section */
		B0DC906A1619048B00F20C78 /* Frameworks */ = {
			isa = PBXFrameworksBuildPhase;
			buildActionMask = 2147483647;
			files = (
				B0DC90E41619191C00F20C78 /* Parse.framework in Frameworks */,
				B0DC90E2161918AE00F20C78 /* CFNetwork.framework in Frameworks */,
				B0DC90E01619189A00F20C78 /* SystemConfiguration.framework in Frameworks */,
				B0DC90DE1619189300F20C78 /* MobileCoreServices.framework in Frameworks */,
				B0DC90DC1619188A00F20C78 /* AudioToolbox.framework in Frameworks */,
				B0DC90DA1619187F00F20C78 /* Security.framework in Frameworks */,
				B0DC90D81619186A00F20C78 /* libz.1.1.3.dylib in Frameworks */,
				B0DC90D61619185C00F20C78 /* QuartzCore.framework in Frameworks */,
				B0DC90761619048B00F20C78 /* CoreGraphics.framework in Frameworks */,
				B0DC90D41619183D00F20C78 /* StoreKit.framework in Frameworks */,
				B0DC90D21619182600F20C78 /* libsqlite3.dylib in Frameworks */,
				B0DC90D0161917FA00F20C78 /* Accounts.framework in Frameworks */,
				B0DC90CE1619173000F20C78 /* Social.framework in Frameworks */,
				B0DC90CC161916A500F20C78 /* AdSupport.framework in Frameworks */,
				B0DC90721619048B00F20C78 /* UIKit.framework in Frameworks */,
				B0DC90741619048B00F20C78 /* Foundation.framework in Frameworks */,
			);
			runOnlyForDeploymentPostprocessing = 0;
		};
/* End PBXFrameworksBuildPhase section */

/* Begin PBXGroup section */
		B0DC90621619048B00F20C78 = {
			isa = PBXGroup;
			children = (
				B0DC908F161904F600F20C78 /* Rewards */,
				B0DC90701619048B00F20C78 /* Frameworks */,
				B0DC906E1619048B00F20C78 /* Products */,
			);
			sourceTree = "<group>";
		};
		B0DC906E1619048B00F20C78 /* Products */ = {
			isa = PBXGroup;
			children = (
				B0DC906D1619048B00F20C78 /* Rewards.app */,
			);
			name = Products;
			sourceTree = "<group>";
		};
		B0DC90701619048B00F20C78 /* Frameworks */ = {
			isa = PBXGroup;
			children = (
				B0DC90E31619191C00F20C78 /* Parse.framework */,
				B0DC90E1161918AE00F20C78 /* CFNetwork.framework */,
				B0DC90DF1619189A00F20C78 /* SystemConfiguration.framework */,
				B0DC90DD1619189300F20C78 /* MobileCoreServices.framework */,
				B0DC90DB1619188A00F20C78 /* AudioToolbox.framework */,
				B0DC90D91619187F00F20C78 /* Security.framework */,
				B0DC90D71619186A00F20C78 /* libz.1.1.3.dylib */,
				B0DC90D51619185C00F20C78 /* QuartzCore.framework */,
				B0DC90D31619183D00F20C78 /* StoreKit.framework */,
				B0DC90D11619182600F20C78 /* libsqlite3.dylib */,
				B0DC90CF161917FA00F20C78 /* Accounts.framework */,
				B0DC90CD1619173000F20C78 /* Social.framework */,
				B0DC90CB161916A500F20C78 /* AdSupport.framework */,
				B0DC90711619048B00F20C78 /* UIKit.framework */,
				B0DC90731619048B00F20C78 /* Foundation.framework */,
				B0DC90751619048B00F20C78 /* CoreGraphics.framework */,
			);
			name = Frameworks;
			sourceTree = "<group>";
		};
		B0DC908F161904F600F20C78 /* Rewards */ = {
			isa = PBXGroup;
			children = (
				B0DC90BA1619056400F20C78 /* Resources */,
				B0DC90B81619051E00F20C78 /* Classes */,
				B0DC909E161904F600F20C78 /* Rewards-Info.plist */,
				B0DC909F161904F600F20C78 /* Rewards-Prefix.pch */,
			);
			path = Rewards;
			sourceTree = "<group>";
		};
		B0DC90B81619051E00F20C78 /* Classes */ = {
			isa = PBXGroup;
			children = (
				B0DC90BD1619098D00F20C78 /* Models */,
				B0DC90B91619053800F20C78 /* Controllers */,
				B0DC9090161904F600F20C78 /* AppDelegate.h */,
				B0DC9091161904F600F20C78 /* AppDelegate.m */,
				B0DC909D161904F600F20C78 /* main.m */,
			);
			name = Classes;
			sourceTree = "<group>";
		};
		B0DC90B91619053800F20C78 /* Controllers */ = {
			isa = PBXGroup;
			children = (
				B0DC90A0161904F600F20C78 /* RewardsTableViewController.h */,
				B0DC90A1161904F600F20C78 /* RewardsTableViewController.m */,
				B0DC90A2161904F600F20C78 /* RewardsViewController.h */,
				B0DC90A3161904F600F20C78 /* RewardsViewController.m */,
				B0DC90A4161904F600F20C78 /* ScanViewController.h */,
				B0DC90A5161904F600F20C78 /* ScanViewController.m */,
			);
			name = Controllers;
			sourceTree = "<group>";
		};
		B0DC90BA1619056400F20C78 /* Resources */ = {
			isa = PBXGroup;
			children = (
				B0DC9095161904F600F20C78 /* InfoPlist.strings */,
				B0DC90BC1619057500F20C78 /* Nibs */,
				B0DC90BB1619056F00F20C78 /* Images */,
			);
			name = Resources;
			sourceTree = "<group>";
		};
		B0DC90BB1619056F00F20C78 /* Images */ = {
			isa = PBXGroup;
			children = (
				B0DC9092161904F600F20C78 /* Default-568h@2x.png */,
				B0DC9093161904F600F20C78 /* Default.png */,
				B0DC9094161904F600F20C78 /* Default@2x.png */,
				B0DC909B161904F600F20C78 /* first.png */,
				B0DC909C161904F600F20C78 /* first@2x.png */,
				B0DC90A6161904F600F20C78 /* second.png */,
				B0DC90A7161904F600F20C78 /* second@2x.png */,
			);
			name = Images;
			sourceTree = "<group>";
		};
		B0DC90BC1619057500F20C78 /* Nibs */ = {
			isa = PBXGroup;
			children = (
				B0DC9097161904F600F20C78 /* RewardsViewController.xib */,
				B0DC9099161904F600F20C78 /* ScanViewController.xib */,
			);
			name = Nibs;
			sourceTree = "<group>";
		};
		B0DC90BD1619098D00F20C78 /* Models */ = {
			isa = PBXGroup;
			children = (
				B0DC90BE161909F100F20C78 /* RewardModel.h */,
				B0DC90BF161909F100F20C78 /* RewardModel.m */,
				B0DC90C116190D3400F20C78 /* RewardTableModel.h */,
				B0DC90C216190D3400F20C78 /* RewardTableModel.m */,
				B0DC90C4161912CB00F20C78 /* UserModel.h */,
				B0DC90C5161912CB00F20C78 /* UserModel.m */,
			);
			name = Models;
			sourceTree = "<group>";
		};
/* End PBXGroup section */

/* Begin PBXNativeTarget section */
		B0DC906C1619048B00F20C78 /* Rewards */ = {
			isa = PBXNativeTarget;
			buildConfigurationList = B0DC908B1619048B00F20C78 /* Build configuration list for PBXNativeTarget "Rewards" */;
			buildPhases = (
				B0DC90691619048B00F20C78 /* Sources */,
				B0DC906A1619048B00F20C78 /* Frameworks */,
				B0DC906B1619048B00F20C78 /* Resources */,
			);
			buildRules = (
			);
			dependencies = (
			);
			name = Rewards;
			productName = Rewards;
			productReference = B0DC906D1619048B00F20C78 /* Rewards.app */;
			productType = "com.apple.product-type.application";
		};
/* End PBXNativeTarget section */

/* Begin PBXProject section */
		B0DC90641619048B00F20C78 /* Project object */ = {
			isa = PBXProject;
			attributes = {
				LastUpgradeCheck = 0450;
				ORGANIZATIONNAME = TZ;
			};
			buildConfigurationList = B0DC90671619048B00F20C78 /* Build configuration list for PBXProject "Rewards" */;
			compatibilityVersion = "Xcode 3.2";
			developmentRegion = English;
			hasScannedForEncodings = 0;
			knownRegions = (
				en,
			);
			mainGroup = B0DC90621619048B00F20C78;
			productRefGroup = B0DC906E1619048B00F20C78 /* Products */;
			projectDirPath = "";
			projectRoot = "";
			targets = (
				B0DC906C1619048B00F20C78 /* Rewards */,
			);
		};
/* End PBXProject section */

/* Begin PBXResourcesBuildPhase section */
		B0DC906B1619048B00F20C78 /* Resources */ = {
			isa = PBXResourcesBuildPhase;
			buildActionMask = 2147483647;
			files = (
				B0DC90A9161904F600F20C78 /* Default-568h@2x.png in Resources */,
				B0DC90AA161904F600F20C78 /* Default.png in Resources */,
				B0DC90AB161904F600F20C78 /* Default@2x.png in Resources */,
				B0DC90AC161904F600F20C78 /* InfoPlist.strings in Resources */,
				B0DC90AD161904F600F20C78 /* RewardsViewController.xib in Resources */,
				B0DC90AE161904F600F20C78 /* ScanViewController.xib in Resources */,
				B0DC90AF161904F600F20C78 /* first.png in Resources */,
				B0DC90B0161904F600F20C78 /* first@2x.png in Resources */,
				B0DC90B2161904F600F20C78 /* Rewards-Info.plist in Resources */,
				B0DC90B6161904F600F20C78 /* second.png in Resources */,
				B0DC90B7161904F600F20C78 /* second@2x.png in Resources */,
			);
			runOnlyForDeploymentPostprocessing = 0;
		};
/* End PBXResourcesBuildPhase section */

/* Begin PBXSourcesBuildPhase section */
		B0DC90691619048B00F20C78 /* Sources */ = {
			isa = PBXSourcesBuildPhase;
			buildActionMask = 2147483647;
			files = (
				B0DC90A8161904F600F20C78 /* AppDelegate.m in Sources */,
				B0DC90B1161904F600F20C78 /* main.m in Sources */,
				B0DC90B3161904F600F20C78 /* RewardsTableViewController.m in Sources */,
				B0DC90B4161904F600F20C78 /* RewardsViewController.m in Sources */,
				B0DC90B5161904F600F20C78 /* ScanViewController.m in Sources */,
				B0DC90C0161909F100F20C78 /* RewardModel.m in Sources */,
				B0DC90C316190D3400F20C78 /* RewardTableModel.m in Sources */,
				B0DC90C6161912CB00F20C78 /* UserModel.m in Sources */,
			);
			runOnlyForDeploymentPostprocessing = 0;
		};
/* End PBXSourcesBuildPhase section */

/* Begin PBXVariantGroup section */
		B0DC9095161904F600F20C78 /* InfoPlist.strings */ = {
			isa = PBXVariantGroup;
			children = (
				B0DC9096161904F600F20C78 /* en */,
			);
			name = InfoPlist.strings;
			sourceTree = "<group>";
		};
		B0DC9097161904F600F20C78 /* RewardsViewController.xib */ = {
			isa = PBXVariantGroup;
			children = (
				B0DC9098161904F600F20C78 /* en */,
			);
			name = RewardsViewController.xib;
			sourceTree = "<group>";
		};
		B0DC9099161904F600F20C78 /* ScanViewController.xib */ = {
			isa = PBXVariantGroup;
			children = (
				B0DC909A161904F600F20C78 /* en */,
			);
			name = ScanViewController.xib;
			sourceTree = "<group>";
		};
/* End PBXVariantGroup section */

/* Begin XCBuildConfiguration section */
		B0DC90891619048B00F20C78 /* Debug */ = {
			isa = XCBuildConfiguration;
			buildSettings = {
				ALWAYS_SEARCH_USER_PATHS = NO;
				CLANG_CXX_LANGUAGE_STANDARD = "gnu++0x";
				CLANG_CXX_LIBRARY = "libc++";
				CLANG_WARN_EMPTY_BODY = YES;
				CLANG_WARN__DUPLICATE_METHOD_MATCH = YES;
				"CODE_SIGN_IDENTITY[sdk=iphoneos*]" = "iPhone Developer";
				COPY_PHASE_STRIP = NO;
				GCC_C_LANGUAGE_STANDARD = gnu99;
				GCC_DYNAMIC_NO_PIC = NO;
				GCC_OPTIMIZATION_LEVEL = 0;
				GCC_PREPROCESSOR_DEFINITIONS = (
					"DEBUG=1",
					"$(inherited)",
				);
				GCC_SYMBOLS_PRIVATE_EXTERN = NO;
				GCC_WARN_ABOUT_RETURN_TYPE = YES;
				GCC_WARN_UNINITIALIZED_AUTOS = YES;
				GCC_WARN_UNUSED_VARIABLE = YES;
				IPHONEOS_DEPLOYMENT_TARGET = 6.0;
				SDKROOT = iphoneos;
			};
			name = Debug;
		};
		B0DC908A1619048B00F20C78 /* Release */ = {
			isa = XCBuildConfiguration;
			buildSettings = {
				ALWAYS_SEARCH_USER_PATHS = NO;
				CLANG_CXX_LANGUAGE_STANDARD = "gnu++0x";
				CLANG_CXX_LIBRARY = "libc++";
				CLANG_WARN_EMPTY_BODY = YES;
				CLANG_WARN__DUPLICATE_METHOD_MATCH = YES;
				"CODE_SIGN_IDENTITY[sdk=iphoneos*]" = "iPhone Developer";
				COPY_PHASE_STRIP = YES;
				GCC_C_LANGUAGE_STANDARD = gnu99;
				GCC_WARN_ABOUT_RETURN_TYPE = YES;
				GCC_WARN_UNINITIALIZED_AUTOS = YES;
				GCC_WARN_UNUSED_VARIABLE = YES;
				IPHONEOS_DEPLOYMENT_TARGET = 6.0;
				OTHER_CFLAGS = "-DNS_BLOCK_ASSERTIONS=1";
				SDKROOT = iphoneos;
				VALIDATE_PRODUCT = YES;
			};
			name = Release;
		};
		B0DC908C1619048B00F20C78 /* Debug */ = {
			isa = XCBuildConfiguration;
			buildSettings = {
				FRAMEWORK_SEARCH_PATHS = (
					"$(inherited)",
					"\"$(SRCROOT)\"",
				);
				GCC_PRECOMPILE_PREFIX_HEADER = YES;
				GCC_PREFIX_HEADER = "Rewards/Rewards-Prefix.pch";
				INFOPLIST_FILE = "Rewards/Rewards-Info.plist";
				PRODUCT_NAME = "$(TARGET_NAME)";
				WRAPPER_EXTENSION = app;
			};
			name = Debug;
		};
		B0DC908D1619048B00F20C78 /* Release */ = {
			isa = XCBuildConfiguration;
			buildSettings = {
				FRAMEWORK_SEARCH_PATHS = (
					"$(inherited)",
					"\"$(SRCROOT)\"",
				);
				GCC_PRECOMPILE_PREFIX_HEADER = YES;
				GCC_PREFIX_HEADER = "Rewards/Rewards-Prefix.pch";
				INFOPLIST_FILE = "Rewards/Rewards-Info.plist";
				PRODUCT_NAME = "$(TARGET_NAME)";
				WRAPPER_EXTENSION = app;
			};
			name = Release;
		};
/* End XCBuildConfiguration section */

/* Begin XCConfigurationList section */
		B0DC90671619048B00F20C78 /* Build configuration list for PBXProject "Rewards" */ = {
			isa = XCConfigurationList;
			buildConfigurations = (
				B0DC90891619048B00F20C78 /* Debug */,
				B0DC908A1619048B00F20C78 /* Release */,
			);
			defaultConfigurationIsVisible = 0;
			defaultConfigurationName = Release;
		};
		B0DC908B1619048B00F20C78 /* Build configuration list for PBXNativeTarget "Rewards" */ = {
			isa = XCConfigurationList;
			buildConfigurations = (
				B0DC908C1619048B00F20C78 /* Debug */,
				B0DC908D1619048B00F20C78 /* Release */,
			);
			defaultConfigurationIsVisible = 0;
		};
/* End XCConfigurationList section */
	};
	rootObject = B0DC90641619048B00F20C78 /* Project object */;
}
